{
  "version": 4,
  "terraform_version": "1.3.3",
  "serial": 765,
  "lineage": "c8f3e227-7373-3f95-b910-46439e865458",
  "outputs": {},
  "resources": [
    {
      "module": "module.example",
      "mode": "managed",
      "type": "github_branch_protection",
      "name": "repo",
      "provider": "provider[\"registry.terraform.io/integrations/github\"]",
      "instances": [
        {
          "schema_version": 1,
          "attributes": {
            "allows_deletions": false,
            "allows_force_pushes": true,
            "blocks_creations": false,
            "enforce_admins": false,
            "id": "BPR_kwDOIPxQ984ByDG5",
            "lock_branch": false,
            "pattern": "main",
            "push_restrictions": [],
            "repository_id": "R_kgDOIPxQ9w",
            "require_conversation_resolution": false,
            "require_signed_commits": true,
            "required_linear_history": false,
            "required_pull_request_reviews": [
              {
                "dismiss_stale_reviews": true,
                "dismissal_restrictions": [],
                "pull_request_bypassers": [],
                "require_code_owner_reviews": true,
                "require_last_push_approval": false,
                "required_approving_review_count": 1,
                "restrict_dismissals": false
              }
            ],
            "required_status_checks": [
              {
                "contexts": [
                  "build",
                  "commitlint",
                  "terrascan"
                ],
                "strict": false
              }
            ]
          },
          "sensitive_attributes": [],
          "private": "eyJzY2hlbWFfdmVyc2lvbiI6IjEifQ==",
          "dependencies": [
            "module.example.github_repository.repo",
            "module.template.github_branch_protection.repo",
            "module.template.github_repository.repo",
            "module.template.github_repository_file.examples",
            "module.template.github_repository_file.files",
            "module.template.github_repository_file.github"
          ]
        }
      ]
    },
    {
      "module": "module.example",
      "mode": "managed",
      "type": "github_repository",
      "name": "repo",
      "provider": "provider[\"registry.terraform.io/integrations/github\"]",
      "instances": [
        {
          "schema_version": 0,
          "attributes": {
            "allow_auto_merge": true,
            "allow_merge_commit": true,
            "allow_rebase_merge": false,
            "allow_squash_merge": true,
            "allow_update_branch": null,
            "archive_on_destroy": null,
            "archived": false,
            "auto_init": true,
            "default_branch": "main",
            "delete_branch_on_merge": true,
            "description": "some text",
            "etag": "W/\"5efa94c2e88bd0221b69a2813c147c092a6fb18917e1cdb456b217452b9a7d5d\"",
            "full_name": "opzkit/example",
            "git_clone_url": "git://github.com/opzkit/example.git",
            "gitignore_template": null,
            "has_downloads": false,
            "has_issues": true,
            "has_projects": false,
            "has_wiki": false,
            "homepage_url": "",
            "html_url": "https://github.com/opzkit/example",
            "http_clone_url": "https://github.com/opzkit/example.git",
            "id": "example",
            "ignore_vulnerability_alerts_during_read": null,
            "is_template": false,
            "license_template": "mit",
            "merge_commit_message": "PR_TITLE",
            "merge_commit_title": "MERGE_MESSAGE",
            "name": "example",
            "node_id": "R_kgDOIPxQ9w",
            "pages": [],
            "private": false,
            "repo_id": 553406711,
            "security_and_analysis": [],
            "squash_merge_commit_message": "COMMIT_MESSAGES",
            "squash_merge_commit_title": "COMMIT_OR_PR_TITLE",
            "ssh_clone_url": "git@github.com:opzkit/example.git",
            "svn_url": "https://github.com/opzkit/example",
            "template": [],
            "topics": [],
            "visibility": "public",
            "vulnerability_alerts": true
          },
          "sensitive_attributes": [],
          "private": "bnVsbA==",
          "dependencies": [
            "module.template.github_branch_protection.repo",
            "module.template.github_repository.repo",
            "module.template.github_repository_file.examples",
            "module.template.github_repository_file.files",
            "module.template.github_repository_file.github"
          ]
        }
      ]
    },
    {
      "module": "module.template",
      "mode": "managed",
      "type": "github_branch_protection",
      "name": "repo",
      "provider": "provider[\"registry.terraform.io/integrations/github\"]",
      "instances": [
        {
          "schema_version": 1,
          "attributes": {
            "allows_deletions": false,
            "allows_force_pushes": true,
            "blocks_creations": false,
            "enforce_admins": false,
            "id": "BPR_kwDOIPw-ls4ByDD8",
            "lock_branch": false,
            "pattern": "main",
            "push_restrictions": [],
            "repository_id": "R_kgDOIPw-lg",
            "require_conversation_resolution": false,
            "require_signed_commits": true,
            "required_linear_history": false,
            "required_pull_request_reviews": [
              {
                "dismiss_stale_reviews": true,
                "dismissal_restrictions": [],
                "pull_request_bypassers": [],
                "require_code_owner_reviews": true,
                "require_last_push_approval": false,
                "required_approving_review_count": 1,
                "restrict_dismissals": false
              }
            ],
            "required_status_checks": [
              {
                "contexts": [
                  "commitlint"
                ],
                "strict": false
              }
            ]
          },
          "sensitive_attributes": [],
          "private": "eyJzY2hlbWFfdmVyc2lvbiI6IjEifQ==",
          "dependencies": [
            "module.template.github_repository.repo"
          ]
        }
      ]
    },
    {
      "module": "module.template",
      "mode": "managed",
      "type": "github_repository",
      "name": "repo",
      "provider": "provider[\"registry.terraform.io/integrations/github\"]",
      "instances": [
        {
          "schema_version": 0,
          "attributes": {
            "allow_auto_merge": true,
            "allow_merge_commit": true,
            "allow_rebase_merge": false,
            "allow_squash_merge": true,
            "allow_update_branch": false,
            "archive_on_destroy": null,
            "archived": false,
            "auto_init": true,
            "default_branch": "main",
            "delete_branch_on_merge": true,
            "description": "Template repository for Terraform modules",
            "etag": "W/\"1c846a830e09db1b1804bc6bf3ea0a087ce056bf2f824f44c27da63f334069c3\"",
            "full_name": "opzkit/tf-template",
            "git_clone_url": "git://github.com/opzkit/tf-template.git",
            "gitignore_template": null,
            "has_downloads": false,
            "has_issues": true,
            "has_projects": false,
            "has_wiki": false,
            "homepage_url": "",
            "html_url": "https://github.com/opzkit/tf-template",
            "http_clone_url": "https://github.com/opzkit/tf-template.git",
            "id": "tf-template",
            "ignore_vulnerability_alerts_during_read": null,
            "is_template": true,
            "license_template": "mit",
            "merge_commit_message": "PR_TITLE",
            "merge_commit_title": "MERGE_MESSAGE",
            "name": "tf-template",
            "node_id": "R_kgDOIPw-lg",
            "pages": [],
            "private": false,
            "repo_id": 553402006,
            "security_and_analysis": [],
            "squash_merge_commit_message": "COMMIT_MESSAGES",
            "squash_merge_commit_title": "COMMIT_OR_PR_TITLE",
            "ssh_clone_url": "git@github.com:opzkit/tf-template.git",
            "svn_url": "https://github.com/opzkit/tf-template",
            "template": [],
            "topics": [],
            "visibility": "public",
            "vulnerability_alerts": true
          },
          "sensitive_attributes": [],
          "private": "bnVsbA=="
        }
      ]
    },
    {
      "module": "module.template",
      "mode": "managed",
      "type": "github_repository_file",
      "name": "examples",
      "provider": "provider[\"registry.terraform.io/integrations/github\"]",
      "instances": [
        {
          "schema_version": 0,
          "attributes": {
            "branch": "main",
            "commit_author": "CI",
            "commit_email": "ci@opzkit.io",
            "commit_message": "chore: update examples",
            "commit_sha": "a3a72716874ffc71c45ddf868370eb62785989ad",
            "content": "",
            "file": "examples/.gitkeep",
            "id": "tf-template/examples/.gitkeep",
            "overwrite_on_create": false,
            "repository": "tf-template",
            "sha": "e69de29bb2d1d6434b8b29ae775ad8c2e48c5391"
          },
          "sensitive_attributes": [],
          "private": "bnVsbA==",
          "dependencies": [
            "module.template.github_repository.repo"
          ]
        }
      ]
    },
    {
      "module": "module.template",
      "mode": "managed",
      "type": "github_repository_file",
      "name": "files",
      "provider": "provider[\"registry.terraform.io/integrations/github\"]",
      "instances": [
        {
          "index_key": ".gitignore",
          "schema_version": 0,
          "attributes": {
            "branch": "main",
            "commit_author": "CI",
            "commit_email": "ci@opzkit.io",
            "commit_message": "chore: update .gitignore",
            "commit_sha": "6cfb4dcf94b75825cde3db7b3318fec518f01df3",
            "content": "# Local .terraform directories\n**/.terraform/*\n\n# .tfstate files\n#*.tfstate\n*.tfstate.*\n\n# Crash log files\ncrash.log\n*.tfvars\n\n\nexamples/**/.terraform.lock.hcl\n.idea\n",
            "file": ".gitignore",
            "id": "tf-template/.gitignore",
            "overwrite_on_create": false,
            "repository": "tf-template",
            "sha": "5105f4819d031ab2f801501f893110a7d1f627a9"
          },
          "sensitive_attributes": [],
          "private": "bnVsbA==",
          "dependencies": [
            "module.template.github_repository.repo"
          ]
        },
        {
          "index_key": "CODEOWNERS",
          "schema_version": 0,
          "attributes": {
            "branch": "main",
            "commit_author": "CI",
            "commit_email": "ci@opzkit.io",
            "commit_message": "chore: update CODEOWNERS",
            "commit_sha": "b5e95a0b252b674ec28e603e2653a72d2451fa41",
            "content": "* @argoyle @peter-svensson\n",
            "file": "CODEOWNERS",
            "id": "tf-template/CODEOWNERS",
            "overwrite_on_create": false,
            "repository": "tf-template",
            "sha": "55e58dd11044051c600d00d3571d115745ea09b9"
          },
          "sensitive_attributes": [],
          "private": "bnVsbA==",
          "dependencies": [
            "module.template.github_repository.repo"
          ]
        },
        {
          "index_key": "Makefile",
          "schema_version": 0,
          "attributes": {
            "branch": "main",
            "commit_author": "CI",
            "commit_email": "ci@opzkit.io",
            "commit_message": "chore: update Makefile",
            "commit_sha": "5da1a7e2b433480e859a9325517d1731c5282ce3",
            "content": "#!/usr/bin/make -f\n\nSHELL = /bin/bash\nEXAMPLES = $(shell find ./examples/* -maxdepth 1 -type d -not -path '*/\\.*')\n\n.PHONY: examples\nexamples: $(addprefix example/,$(EXAMPLES))\n\n.PHONY: example/%\nexample/%:\n\t@echo \"Processing example: $(notdir $*)\"\n\t@terraform -chdir=$* init\n\t@terraform -chdir=$* validate\n\t@terraform -chdir=$* plan\n\n",
            "file": "Makefile",
            "id": "tf-template/Makefile",
            "overwrite_on_create": false,
            "repository": "tf-template",
            "sha": "1faccaf599701ffd31114c1c7efd1dd753b6a212"
          },
          "sensitive_attributes": [],
          "private": "bnVsbA==",
          "dependencies": [
            "module.template.github_repository.repo"
          ]
        }
      ]
    },
    {
      "module": "module.template",
      "mode": "managed",
      "type": "github_repository_file",
      "name": "github",
      "provider": "provider[\"registry.terraform.io/integrations/github\"]",
      "instances": [
        {
          "index_key": ".github/commitlint.config.js",
          "schema_version": 0,
          "attributes": {
            "branch": "main",
            "commit_author": "CI",
            "commit_email": "ci@opzkit.io",
            "commit_message": "chore: update .github/commitlint.config.js",
            "commit_sha": "c2ff2b41d789da9265f38b0286506861296a0789",
            "content": "const Configuration = {\n\n  extends: ['@commitlint/config-conventional'],\n\n  /*\n   * Any rules defined here will override rules from @commitlint/config-conventional\n   */\n  rules: {\n    'body-max-line-length': [2, 'always', 200],\n  },\n};\n\nmodule.exports = Configuration;\n",
            "file": ".github/commitlint.config.js",
            "id": "tf-template/.github/commitlint.config.js",
            "overwrite_on_create": false,
            "repository": "tf-template",
            "sha": "c50801fd4dd337c44166ca4bfc70c501cd9a5643"
          },
          "sensitive_attributes": [],
          "private": "bnVsbA==",
          "dependencies": [
            "module.template.github_repository.repo"
          ]
        },
        {
          "index_key": ".github/dependabot.yml",
          "schema_version": 0,
          "attributes": {
            "branch": "main",
            "commit_author": "CI",
            "commit_email": "ci@opzkit.io",
            "commit_message": "chore: update .github/dependabot.yml",
            "commit_sha": "f453706fe3297f5810d3d3ea68be197562460659",
            "content": "version: 2\nupdates:\n  - package-ecosystem: terraform\n    directory: \"/\"\n    schedule:\n      interval: \"daily\"\n    open-pull-requests-limit: 10\n\n  - package-ecosystem: terraform\n    directory: \"/examples\"\n    schedule:\n      interval: \"daily\"\n    open-pull-requests-limit: 10\n\n  - package-ecosystem: \"github-actions\"\n    directory: \"/\"\n    schedule:\n      interval: \"daily\"\n    open-pull-requests-limit: 10\n",
            "file": ".github/dependabot.yml",
            "id": "tf-template/.github/dependabot.yml",
            "overwrite_on_create": false,
            "repository": "tf-template",
            "sha": "d1f94de81c4cc00921760f721a6c9a50a505c898"
          },
          "sensitive_attributes": [],
          "private": "bnVsbA==",
          "dependencies": [
            "module.template.github_repository.repo"
          ]
        },
        {
          "index_key": ".github/release.yml",
          "schema_version": 0,
          "attributes": {
            "branch": "main",
            "commit_author": "CI",
            "commit_email": "ci@opzkit.io",
            "commit_message": "chore: update .github/release.yml",
            "commit_sha": "a810d402a4dedbe2850934bfe48eedb975c9d382",
            "content": "changelog:\n  exclude:\n    labels:\n      - ignore-for-release\n  categories:\n    - title: Breaking Changes\n      labels:\n        - breaking\n    - title: Enhancements\n        - enhancement\n    - title: Bugfixes\n      labels:\n        - bug\n    - title: Other Changes\n      exclude:\n        author:\n        - dependabot\n      labels:\n        - \"*\"\n    - title: Dependency changes\n      labels:\n        - dependencies\n",
            "file": ".github/release.yml",
            "id": "tf-template/.github/release.yml",
            "overwrite_on_create": false,
            "repository": "tf-template",
            "sha": "577c25d6e45f6c6f7741b03ac0a453c69f80706d"
          },
          "sensitive_attributes": [],
          "private": "bnVsbA==",
          "dependencies": [
            "module.template.github_repository.repo"
          ]
        },
        {
          "index_key": ".github/workflows/build.yml",
          "schema_version": 0,
          "attributes": {
            "branch": "main",
            "commit_author": "CI",
            "commit_email": "ci@opzkit.io",
            "commit_message": "chore: update .github/workflows/build.yml",
            "commit_sha": "7c25cba3ca33e99f852a87c967370b719e52ab47",
            "content": "name: Build\n\non: [ push, workflow_dispatch ]\n\njobs:\n  examples:\n    runs-on: ubuntu-latest\n    strategy:\n      fail-fast: false\n      matrix:\n        os: [ ubuntu-latest ]\n        tf-version: [ 1.1.9, 1.2.9, 1.3.2 ]\n    steps:\n      - name: Install terraform v${{ matrix.tf-version }}\n        run: |\n          curl -LO https://releases.hashicorp.com/terraform/${{ matrix.tf-version }}/terraform_${{ matrix.tf-version }}_linux_amd64.zip\n          unzip terraform_${{ matrix.tf-version }}_linux_amd64.zip\n          sudo mv terraform /usr/local/bin\n          rm *\n      - name: Checkout code\n        uses: actions/checkout@v2\n      - name: Validate examples terraform v${{ matrix.tf-version }}\n        run: make examples\n  build:\n    needs: [examples]\n    runs-on: ubuntu-latest\n    steps:\n      - run: echo \"OK\"\n",
            "file": ".github/workflows/build.yml",
            "id": "tf-template/.github/workflows/build.yml",
            "overwrite_on_create": false,
            "repository": "tf-template",
            "sha": "8da8a0c378b93f6a45e061ac0d9a0c158b3ffc94"
          },
          "sensitive_attributes": [],
          "private": "bnVsbA==",
          "dependencies": [
            "module.template.github_repository.repo"
          ]
        },
        {
          "index_key": ".github/workflows/commitlint.yaml",
          "schema_version": 0,
          "attributes": {
            "branch": "main",
            "commit_author": "CI",
            "commit_email": "ci@opzkit.io",
            "commit_message": "chore: update .github/workflows/commitlint.yaml",
            "commit_sha": "6827be36ac6fb445accf766f7785f8c3dece2a4c",
            "content": "name: Lint Commit Messages\n\non: [pull_request]\n\njobs:\n  commitlint:\n    runs-on: ubuntu-latest\n    steps:\n      - uses: actions/checkout@v3\n        with:\n          fetch-depth: 0\n      - uses: wagoid/commitlint-github-action@v5\n        with:\n          configFile: \"./.github/commitlint.config.js\"\n",
            "file": ".github/workflows/commitlint.yaml",
            "id": "tf-template/.github/workflows/commitlint.yaml",
            "overwrite_on_create": false,
            "repository": "tf-template",
            "sha": "bb8ad8cfb407e8a2307d1218ae75547dee70d7e4"
          },
          "sensitive_attributes": [],
          "private": "bnVsbA==",
          "dependencies": [
            "module.template.github_repository.repo"
          ]
        },
        {
          "index_key": ".github/workflows/conventional-labels.yaml",
          "schema_version": 0,
          "attributes": {
            "branch": "main",
            "commit_author": "CI",
            "commit_email": "ci@opzkit.io",
            "commit_message": "chore: update .github/workflows/conventional-labels.yaml",
            "commit_sha": "197eaa287661d72a15b6916e2b2356753a6a044e",
            "content": "on:\n  pull_request_target:\n    types: [ opened, edited ]\nname: conventional-release-labels\njobs:\n  label:\n    runs-on: ubuntu-latest\n    steps:\n      - uses: bcoe/conventional-release-labels@v1\n        with:\n          type_labels: '{\"feat\": \"feature\", \"fix\": \"bug\", \"breaking\": \"breaking\"}'\n          ignored_types: '[]'\n",
            "file": ".github/workflows/conventional-labels.yaml",
            "id": "tf-template/.github/workflows/conventional-labels.yaml",
            "overwrite_on_create": false,
            "repository": "tf-template",
            "sha": "a8cd9aebaf65c13dbfbd4e33641de8c8f80ce1b3"
          },
          "sensitive_attributes": [],
          "private": "bnVsbA==",
          "dependencies": [
            "module.template.github_repository.repo"
          ]
        },
        {
          "index_key": ".github/workflows/terrascan.yaml",
          "schema_version": 0,
          "attributes": {
            "branch": "main",
            "commit_author": "CI",
            "commit_email": "ci@opzkit.io",
            "commit_message": "chore: update .github/workflows/terrascan.yaml",
            "commit_sha": "1f42169b28a35ac6ebd40e1c0a4c8311360a5bf8",
            "content": "name: Terrascan\non: [ pull_request ]\n# https://github.com/marketplace/actions/terrascan-iac-scanner\njobs:\n  terrascan:\n    runs-on: ubuntu-latest\n    name: terrascan\n    steps:\n      - name: Checkout repository\n        uses: actions/checkout@v3\n      - name: Run Terrascan\n        id: terrascan\n        uses: tenable/terrascan-action@main\n        with:\n          iac_type: 'terraform'\n          iac_version: 'v14'\n          policy_type: 'aws'\n          only_warn: true\n          sarif_upload: true\n          non_recursive: true\n          #iac_dir:\n          #policy_path:\n          #skip_rules:\n          #config_path:\n          #webhook_url:\n          #webhook_token:\n      - name: Upload SARIF file\n        uses: github/codeql-action/upload-sarif@v2\n        with:\n          sarif_file: terrascan.sarif\n",
            "file": ".github/workflows/terrascan.yaml",
            "id": "tf-template/.github/workflows/terrascan.yaml",
            "overwrite_on_create": false,
            "repository": "tf-template",
            "sha": "1176549718db8c86cef7bfa00861c39d8acb23c0"
          },
          "sensitive_attributes": [],
          "private": "bnVsbA==",
          "dependencies": [
            "module.template.github_repository.repo"
          ]
        }
      ]
    },
    {
      "module": "module.terraform-aws-aurora-mysql",
      "mode": "managed",
      "type": "github_branch_protection",
      "name": "repo",
      "provider": "provider[\"registry.terraform.io/integrations/github\"]",
      "instances": [
        {
          "schema_version": 1,
          "attributes": {
            "allows_deletions": false,
            "allows_force_pushes": true,
            "blocks_creations": false,
            "enforce_admins": false,
            "id": "BPR_kwDOGMveJs4Byb9g",
            "lock_branch": false,
            "pattern": "main",
            "push_restrictions": [],
            "repository_id": "R_kgDOGMveJg",
            "require_conversation_resolution": false,
            "require_signed_commits": true,
            "required_linear_history": false,
            "required_pull_request_reviews": [
              {
                "dismiss_stale_reviews": true,
                "dismissal_restrictions": [],
                "pull_request_bypassers": [],
                "require_code_owner_reviews": true,
                "require_last_push_approval": false,
                "required_approving_review_count": 1,
                "restrict_dismissals": false
              }
            ],
            "required_status_checks": [
              {
                "contexts": [
                  "build",
                  "commitlint",
                  "terrascan"
                ],
                "strict": false
              }
            ]
          },
          "sensitive_attributes": [],
          "private": "eyJzY2hlbWFfdmVyc2lvbiI6IjEifQ==",
          "dependencies": [
            "module.terraform-aws-aurora-mysql.github_repository.repo"
          ]
        }
      ]
    },
    {
      "module": "module.terraform-aws-aurora-mysql",
      "mode": "managed",
      "type": "github_repository",
      "name": "repo",
      "provider": "provider[\"registry.terraform.io/integrations/github\"]",
      "instances": [
        {
          "schema_version": 0,
          "attributes": {
            "allow_auto_merge": true,
            "allow_merge_commit": true,
            "allow_rebase_merge": false,
            "allow_squash_merge": true,
            "allow_update_branch": null,
            "archive_on_destroy": null,
            "archived": false,
            "auto_init": true,
            "default_branch": "main",
            "delete_branch_on_merge": true,
            "description": "",
            "etag": "W/\"54d1c4ae57033dac813cff316d6bed950a48f46dd45211e51e643e1ae145f43f\"",
            "full_name": "opzkit/terraform-aws-aurora-mysql",
            "git_clone_url": "git://github.com/opzkit/terraform-aws-aurora-mysql.git",
            "gitignore_template": null,
            "has_downloads": false,
            "has_issues": true,
            "has_projects": false,
            "has_wiki": false,
            "homepage_url": "",
            "html_url": "https://github.com/opzkit/terraform-aws-aurora-mysql",
            "http_clone_url": "https://github.com/opzkit/terraform-aws-aurora-mysql.git",
            "id": "terraform-aws-aurora-mysql",
            "ignore_vulnerability_alerts_during_read": null,
            "is_template": false,
            "license_template": "mit",
            "merge_commit_message": "PR_TITLE",
            "merge_commit_title": "MERGE_MESSAGE",
            "name": "terraform-aws-aurora-mysql",
            "node_id": "R_kgDOGMveJg",
            "pages": [],
            "private": false,
            "repo_id": 416013862,
            "security_and_analysis": [],
            "squash_merge_commit_message": "COMMIT_MESSAGES",
            "squash_merge_commit_title": "COMMIT_OR_PR_TITLE",
            "ssh_clone_url": "git@github.com:opzkit/terraform-aws-aurora-mysql.git",
            "svn_url": "https://github.com/opzkit/terraform-aws-aurora-mysql",
            "template": [],
            "topics": [],
            "visibility": "public",
            "vulnerability_alerts": true
          },
          "sensitive_attributes": [],
          "private": "bnVsbA=="
        }
      ]
    },
    {
      "module": "module.terraform-aws-aurora-postgresql",
      "mode": "managed",
      "type": "github_branch_protection",
      "name": "repo",
      "provider": "provider[\"registry.terraform.io/integrations/github\"]",
      "instances": [
        {
          "schema_version": 1,
          "attributes": {
            "allows_deletions": false,
            "allows_force_pushes": true,
            "blocks_creations": false,
            "enforce_admins": false,
            "id": "BPR_kwDOGMvXJc4Byb8x",
            "lock_branch": false,
            "pattern": "main",
            "push_restrictions": [],
            "repository_id": "R_kgDOGMvXJQ",
            "require_conversation_resolution": false,
            "require_signed_commits": true,
            "required_linear_history": false,
            "required_pull_request_reviews": [
              {
                "dismiss_stale_reviews": true,
                "dismissal_restrictions": [],
                "pull_request_bypassers": [],
                "require_code_owner_reviews": true,
                "require_last_push_approval": false,
                "required_approving_review_count": 1,
                "restrict_dismissals": false
              }
            ],
            "required_status_checks": [
              {
                "contexts": [
                  "build",
                  "commitlint",
                  "terrascan"
                ],
                "strict": false
              }
            ]
          },
          "sensitive_attributes": [],
          "private": "eyJzY2hlbWFfdmVyc2lvbiI6IjEifQ==",
          "dependencies": [
            "module.terraform-aws-aurora-postgresql.github_repository.repo"
          ]
        }
      ]
    },
    {
      "module": "module.terraform-aws-aurora-postgresql",
      "mode": "managed",
      "type": "github_repository",
      "name": "repo",
      "provider": "provider[\"registry.terraform.io/integrations/github\"]",
      "instances": [
        {
          "schema_version": 0,
          "attributes": {
            "allow_auto_merge": true,
            "allow_merge_commit": true,
            "allow_rebase_merge": false,
            "allow_squash_merge": true,
            "allow_update_branch": null,
            "archive_on_destroy": null,
            "archived": false,
            "auto_init": true,
            "default_branch": "main",
            "delete_branch_on_merge": true,
            "description": "",
            "etag": "W/\"d2eeeed1946dce3d40b0e108b62ce2167bc3b2974b5c547a5d0caa29e61d30a6\"",
            "full_name": "opzkit/terraform-aws-aurora-postgresql",
            "git_clone_url": "git://github.com/opzkit/terraform-aws-aurora-postgresql.git",
            "gitignore_template": null,
            "has_downloads": false,
            "has_issues": true,
            "has_projects": false,
            "has_wiki": false,
            "homepage_url": "",
            "html_url": "https://github.com/opzkit/terraform-aws-aurora-postgresql",
            "http_clone_url": "https://github.com/opzkit/terraform-aws-aurora-postgresql.git",
            "id": "terraform-aws-aurora-postgresql",
            "ignore_vulnerability_alerts_during_read": null,
            "is_template": false,
            "license_template": "mit",
            "merge_commit_message": "PR_TITLE",
            "merge_commit_title": "MERGE_MESSAGE",
            "name": "terraform-aws-aurora-postgresql",
            "node_id": "R_kgDOGMvXJQ",
            "pages": [],
            "private": false,
            "repo_id": 416012069,
            "security_and_analysis": [],
            "squash_merge_commit_message": "COMMIT_MESSAGES",
            "squash_merge_commit_title": "COMMIT_OR_PR_TITLE",
            "ssh_clone_url": "git@github.com:opzkit/terraform-aws-aurora-postgresql.git",
            "svn_url": "https://github.com/opzkit/terraform-aws-aurora-postgresql",
            "template": [],
            "topics": [],
            "visibility": "public",
            "vulnerability_alerts": true
          },
          "sensitive_attributes": [],
          "private": "bnVsbA=="
        }
      ]
    },
    {
      "module": "module.terraform-aws-dns-validated-certificate",
      "mode": "managed",
      "type": "github_branch_protection",
      "name": "repo",
      "provider": "provider[\"registry.terraform.io/integrations/github\"]",
      "instances": [
        {
          "schema_version": 1,
          "attributes": {
            "allows_deletions": false,
            "allows_force_pushes": true,
            "blocks_creations": false,
            "enforce_admins": false,
            "id": "BPR_kwDOGNsNLM4Byb86",
            "lock_branch": false,
            "pattern": "main",
            "push_restrictions": [],
            "repository_id": "R_kgDOGNsNLA",
            "require_conversation_resolution": false,
            "require_signed_commits": true,
            "required_linear_history": false,
            "required_pull_request_reviews": [
              {
                "dismiss_stale_reviews": true,
                "dismissal_restrictions": [],
                "pull_request_bypassers": [],
                "require_code_owner_reviews": true,
                "require_last_push_approval": false,
                "required_approving_review_count": 1,
                "restrict_dismissals": false
              }
            ],
            "required_status_checks": [
              {
                "contexts": [
                  "build",
                  "commitlint",
                  "terrascan"
                ],
                "strict": false
              }
            ]
          },
          "sensitive_attributes": [],
          "private": "eyJzY2hlbWFfdmVyc2lvbiI6IjEifQ==",
          "dependencies": [
            "module.terraform-aws-dns-validated-certificate.github_repository.repo"
          ]
        }
      ]
    },
    {
      "module": "module.terraform-aws-dns-validated-certificate",
      "mode": "managed",
      "type": "github_repository",
      "name": "repo",
      "provider": "provider[\"registry.terraform.io/integrations/github\"]",
      "instances": [
        {
          "schema_version": 0,
          "attributes": {
            "allow_auto_merge": true,
            "allow_merge_commit": true,
            "allow_rebase_merge": false,
            "allow_squash_merge": true,
            "allow_update_branch": null,
            "archive_on_destroy": null,
            "archived": false,
            "auto_init": true,
            "default_branch": "main",
            "delete_branch_on_merge": true,
            "description": "",
            "etag": "W/\"7f1f5de7c4aa5daf5014e2e47b86f3835bf655a731139a9ab80820b695948e2d\"",
            "full_name": "opzkit/terraform-aws-dns-validated-certificate",
            "git_clone_url": "git://github.com/opzkit/terraform-aws-dns-validated-certificate.git",
            "gitignore_template": null,
            "has_downloads": false,
            "has_issues": true,
            "has_projects": false,
            "has_wiki": false,
            "homepage_url": "",
            "html_url": "https://github.com/opzkit/terraform-aws-dns-validated-certificate",
            "http_clone_url": "https://github.com/opzkit/terraform-aws-dns-validated-certificate.git",
            "id": "terraform-aws-dns-validated-certificate",
            "ignore_vulnerability_alerts_during_read": null,
            "is_template": false,
            "license_template": "mit",
            "merge_commit_message": "PR_TITLE",
            "merge_commit_title": "MERGE_MESSAGE",
            "name": "terraform-aws-dns-validated-certificate",
            "node_id": "R_kgDOGNsNLA",
            "pages": [],
            "private": false,
            "repo_id": 417008940,
            "security_and_analysis": [],
            "squash_merge_commit_message": "COMMIT_MESSAGES",
            "squash_merge_commit_title": "COMMIT_OR_PR_TITLE",
            "ssh_clone_url": "git@github.com:opzkit/terraform-aws-dns-validated-certificate.git",
            "svn_url": "https://github.com/opzkit/terraform-aws-dns-validated-certificate",
            "template": [],
            "topics": [],
            "visibility": "public",
            "vulnerability_alerts": true
          },
          "sensitive_attributes": [],
          "private": "bnVsbA=="
        }
      ]
    },
    {
      "module": "module.terraform-aws-elasticache-redis",
      "mode": "managed",
      "type": "github_branch_protection",
      "name": "repo",
      "provider": "provider[\"registry.terraform.io/integrations/github\"]",
      "instances": [
        {
          "schema_version": 1,
          "attributes": {
            "allows_deletions": false,
            "allows_force_pushes": true,
            "blocks_creations": false,
            "enforce_admins": false,
            "id": "BPR_kwDOGN1cCc4Byctu",
            "lock_branch": false,
            "pattern": "main",
            "push_restrictions": [],
            "repository_id": "R_kgDOGN1cCQ",
            "require_conversation_resolution": false,
            "require_signed_commits": true,
            "required_linear_history": false,
            "required_pull_request_reviews": [
              {
                "dismiss_stale_reviews": true,
                "dismissal_restrictions": [],
                "pull_request_bypassers": [],
                "require_code_owner_reviews": true,
                "require_last_push_approval": false,
                "required_approving_review_count": 1,
                "restrict_dismissals": false
              }
            ],
            "required_status_checks": [
              {
                "contexts": [
                  "build",
                  "commitlint",
                  "terrascan"
                ],
                "strict": false
              }
            ]
          },
          "sensitive_attributes": [],
          "private": "eyJzY2hlbWFfdmVyc2lvbiI6IjEifQ==",
          "dependencies": [
            "module.terraform-aws-elasticache-redis.github_repository.repo"
          ]
        }
      ]
    },
    {
      "module": "module.terraform-aws-elasticache-redis",
      "mode": "managed",
      "type": "github_repository",
      "name": "repo",
      "provider": "provider[\"registry.terraform.io/integrations/github\"]",
      "instances": [
        {
          "schema_version": 0,
          "attributes": {
            "allow_auto_merge": true,
            "allow_merge_commit": true,
            "allow_rebase_merge": false,
            "allow_squash_merge": true,
            "allow_update_branch": null,
            "archive_on_destroy": null,
            "archived": false,
            "auto_init": true,
            "default_branch": "main",
            "delete_branch_on_merge": true,
            "description": "",
            "etag": "W/\"a770743c31f4764b563c14fb4bef583835e7e5c9e319608f762df9b39b9b869c\"",
            "full_name": "opzkit/terraform-aws-elasticache-redis",
            "git_clone_url": "git://github.com/opzkit/terraform-aws-elasticache-redis.git",
            "gitignore_template": null,
            "has_downloads": false,
            "has_issues": true,
            "has_projects": false,
            "has_wiki": false,
            "homepage_url": "",
            "html_url": "https://github.com/opzkit/terraform-aws-elasticache-redis",
            "http_clone_url": "https://github.com/opzkit/terraform-aws-elasticache-redis.git",
            "id": "terraform-aws-elasticache-redis",
            "ignore_vulnerability_alerts_during_read": null,
            "is_template": false,
            "license_template": "mit",
            "merge_commit_message": "PR_TITLE",
            "merge_commit_title": "MERGE_MESSAGE",
            "name": "terraform-aws-elasticache-redis",
            "node_id": "R_kgDOGN1cCQ",
            "pages": [],
            "private": false,
            "repo_id": 417160201,
            "security_and_analysis": [],
            "squash_merge_commit_message": "COMMIT_MESSAGES",
            "squash_merge_commit_title": "COMMIT_OR_PR_TITLE",
            "ssh_clone_url": "git@github.com:opzkit/terraform-aws-elasticache-redis.git",
            "svn_url": "https://github.com/opzkit/terraform-aws-elasticache-redis",
            "template": [],
            "topics": [],
            "visibility": "public",
            "vulnerability_alerts": true
          },
          "sensitive_attributes": [],
          "private": "bnVsbA=="
        }
      ]
    },
    {
      "module": "module.terraform-aws-k8s",
      "mode": "managed",
      "type": "github_branch_protection",
      "name": "repo",
      "provider": "provider[\"registry.terraform.io/integrations/github\"]",
      "instances": [
        {
          "schema_version": 1,
          "attributes": {
            "allows_deletions": false,
            "allows_force_pushes": true,
            "blocks_creations": false,
            "enforce_admins": false,
            "id": "BPR_kwDOGDcMAs4BycuE",
            "lock_branch": false,
            "pattern": "main",
            "push_restrictions": [],
            "repository_id": "MDEwOlJlcG9zaXRvcnk0MDYyNjA3Mzg=",
            "require_conversation_resolution": false,
            "require_signed_commits": true,
            "required_linear_history": false,
            "required_pull_request_reviews": [
              {
                "dismiss_stale_reviews": true,
                "dismissal_restrictions": [],
                "pull_request_bypassers": [],
                "require_code_owner_reviews": true,
                "require_last_push_approval": false,
                "required_approving_review_count": 1,
                "restrict_dismissals": false
              }
            ],
            "required_status_checks": [
              {
                "contexts": [
                  "build",
                  "commitlint",
                  "terrascan"
                ],
                "strict": false
              }
            ]
          },
          "sensitive_attributes": [],
          "private": "eyJzY2hlbWFfdmVyc2lvbiI6IjEifQ==",
          "dependencies": [
            "module.terraform-aws-k8s.github_repository.repo"
          ]
        }
      ]
    },
    {
      "module": "module.terraform-aws-k8s",
      "mode": "managed",
      "type": "github_repository",
      "name": "repo",
      "provider": "provider[\"registry.terraform.io/integrations/github\"]",
      "instances": [
        {
          "schema_version": 0,
          "attributes": {
            "allow_auto_merge": true,
            "allow_merge_commit": true,
            "allow_rebase_merge": false,
            "allow_squash_merge": true,
            "allow_update_branch": null,
            "archive_on_destroy": null,
            "archived": false,
            "auto_init": true,
            "default_branch": "main",
            "delete_branch_on_merge": true,
            "description": "Module for creating Kubernetes clusters using kOps",
            "etag": "W/\"6ed08cad919675f16d2b7a15dce6b01e7b6f7c79d1dfe0410104fca64bcd9766\"",
            "full_name": "opzkit/terraform-aws-k8s",
            "git_clone_url": "git://github.com/opzkit/terraform-aws-k8s.git",
            "gitignore_template": null,
            "has_downloads": false,
            "has_issues": true,
            "has_projects": false,
            "has_wiki": false,
            "homepage_url": "",
            "html_url": "https://github.com/opzkit/terraform-aws-k8s",
            "http_clone_url": "https://github.com/opzkit/terraform-aws-k8s.git",
            "id": "terraform-aws-k8s",
            "ignore_vulnerability_alerts_during_read": null,
            "is_template": false,
            "license_template": "mit",
            "merge_commit_message": "PR_TITLE",
            "merge_commit_title": "MERGE_MESSAGE",
            "name": "terraform-aws-k8s",
            "node_id": "MDEwOlJlcG9zaXRvcnk0MDYyNjA3Mzg=",
            "pages": [],
            "private": false,
            "repo_id": 406260738,
            "security_and_analysis": [],
            "squash_merge_commit_message": "COMMIT_MESSAGES",
            "squash_merge_commit_title": "COMMIT_OR_PR_TITLE",
            "ssh_clone_url": "git@github.com:opzkit/terraform-aws-k8s.git",
            "svn_url": "https://github.com/opzkit/terraform-aws-k8s",
            "template": [],
            "topics": [],
            "visibility": "public",
            "vulnerability_alerts": true
          },
          "sensitive_attributes": [],
          "private": "bnVsbA=="
        }
      ]
    },
    {
      "module": "module.terraform-aws-k8s-addons-argocd",
      "mode": "managed",
      "type": "github_branch_protection",
      "name": "repo",
      "provider": "provider[\"registry.terraform.io/integrations/github\"]",
      "instances": [
        {
          "schema_version": 1,
          "attributes": {
            "allows_deletions": false,
            "allows_force_pushes": true,
            "blocks_creations": false,
            "enforce_admins": false,
            "id": "BPR_kwDOGN5IuM4Bycts",
            "lock_branch": false,
            "pattern": "main",
            "push_restrictions": [],
            "repository_id": "R_kgDOGN5IuA",
            "require_conversation_resolution": false,
            "require_signed_commits": true,
            "required_linear_history": false,
            "required_pull_request_reviews": [
              {
                "dismiss_stale_reviews": true,
                "dismissal_restrictions": [],
                "pull_request_bypassers": [],
                "require_code_owner_reviews": true,
                "require_last_push_approval": false,
                "required_approving_review_count": 1,
                "restrict_dismissals": false
              }
            ],
            "required_status_checks": [
              {
                "contexts": [
                  "build",
                  "commitlint",
                  "terrascan"
                ],
                "strict": false
              }
            ]
          },
          "sensitive_attributes": [],
          "private": "eyJzY2hlbWFfdmVyc2lvbiI6IjEifQ==",
          "dependencies": [
            "module.terraform-aws-k8s-addons-argocd.github_repository.repo"
          ]
        }
      ]
    },
    {
      "module": "module.terraform-aws-k8s-addons-argocd",
      "mode": "managed",
      "type": "github_repository",
      "name": "repo",
      "provider": "provider[\"registry.terraform.io/integrations/github\"]",
      "instances": [
        {
          "schema_version": 0,
          "attributes": {
            "allow_auto_merge": true,
            "allow_merge_commit": true,
            "allow_rebase_merge": false,
            "allow_squash_merge": true,
            "allow_update_branch": null,
            "archive_on_destroy": null,
            "archived": false,
            "auto_init": true,
            "default_branch": "main",
            "delete_branch_on_merge": true,
            "description": "",
            "etag": "W/\"d3f934badf9815aa25ff3d9ac3cc6647ab3ec10e4c2505e9617a6e41e8063051\"",
            "full_name": "opzkit/terraform-aws-k8s-addons-argocd",
            "git_clone_url": "git://github.com/opzkit/terraform-aws-k8s-addons-argocd.git",
            "gitignore_template": null,
            "has_downloads": false,
            "has_issues": true,
            "has_projects": false,
            "has_wiki": false,
            "homepage_url": "",
            "html_url": "https://github.com/opzkit/terraform-aws-k8s-addons-argocd",
            "http_clone_url": "https://github.com/opzkit/terraform-aws-k8s-addons-argocd.git",
            "id": "terraform-aws-k8s-addons-argocd",
            "ignore_vulnerability_alerts_during_read": null,
            "is_template": false,
            "license_template": "mit",
            "merge_commit_message": "PR_TITLE",
            "merge_commit_title": "MERGE_MESSAGE",
            "name": "terraform-aws-k8s-addons-argocd",
            "node_id": "R_kgDOGN5IuA",
            "pages": [],
            "private": false,
            "repo_id": 417220792,
            "security_and_analysis": [],
            "squash_merge_commit_message": "COMMIT_MESSAGES",
            "squash_merge_commit_title": "COMMIT_OR_PR_TITLE",
            "ssh_clone_url": "git@github.com:opzkit/terraform-aws-k8s-addons-argocd.git",
            "svn_url": "https://github.com/opzkit/terraform-aws-k8s-addons-argocd",
            "template": [],
            "topics": [],
            "visibility": "public",
            "vulnerability_alerts": true
          },
          "sensitive_attributes": [],
          "private": "bnVsbA=="
        }
      ]
    },
    {
      "module": "module.terraform-aws-k8s-addons-cluster-autoscaler",
      "mode": "managed",
      "type": "github_branch_protection",
      "name": "repo",
      "provider": "provider[\"registry.terraform.io/integrations/github\"]",
      "instances": [
        {
          "schema_version": 1,
          "attributes": {
            "allows_deletions": false,
            "allows_force_pushes": true,
            "blocks_creations": false,
            "enforce_admins": false,
            "id": "BPR_kwDOIBlhgc4BycvB",
            "lock_branch": false,
            "pattern": "main",
            "push_restrictions": [],
            "repository_id": "R_kgDOIBlhgQ",
            "require_conversation_resolution": false,
            "require_signed_commits": true,
            "required_linear_history": false,
            "required_pull_request_reviews": [
              {
                "dismiss_stale_reviews": true,
                "dismissal_restrictions": [],
                "pull_request_bypassers": [],
                "require_code_owner_reviews": true,
                "require_last_push_approval": false,
                "required_approving_review_count": 1,
                "restrict_dismissals": false
              }
            ],
            "required_status_checks": [
              {
                "contexts": [
                  "build",
                  "commitlint",
                  "terrascan"
                ],
                "strict": false
              }
            ]
          },
          "sensitive_attributes": [],
          "private": "eyJzY2hlbWFfdmVyc2lvbiI6IjEifQ==",
          "dependencies": [
            "module.terraform-aws-k8s-addons-cluster-autoscaler.github_repository.repo"
          ]
        }
      ]
    },
    {
      "module": "module.terraform-aws-k8s-addons-cluster-autoscaler",
      "mode": "managed",
      "type": "github_repository",
      "name": "repo",
      "provider": "provider[\"registry.terraform.io/integrations/github\"]",
      "instances": [
        {
          "schema_version": 0,
          "attributes": {
            "allow_auto_merge": true,
            "allow_merge_commit": true,
            "allow_rebase_merge": false,
            "allow_squash_merge": true,
            "allow_update_branch": null,
            "archive_on_destroy": null,
            "archived": false,
            "auto_init": true,
            "default_branch": "main",
            "delete_branch_on_merge": true,
            "description": "",
            "etag": "W/\"70bb5069e1df0eb576e676c812297decf667b0859e63db200c7ed445d134431a\"",
            "full_name": "opzkit/terraform-aws-k8s-addons-cluster-autoscaler",
            "git_clone_url": "git://github.com/opzkit/terraform-aws-k8s-addons-cluster-autoscaler.git",
            "gitignore_template": null,
            "has_downloads": false,
            "has_issues": true,
            "has_projects": false,
            "has_wiki": false,
            "homepage_url": "",
            "html_url": "https://github.com/opzkit/terraform-aws-k8s-addons-cluster-autoscaler",
            "http_clone_url": "https://github.com/opzkit/terraform-aws-k8s-addons-cluster-autoscaler.git",
            "id": "terraform-aws-k8s-addons-cluster-autoscaler",
            "ignore_vulnerability_alerts_during_read": null,
            "is_template": false,
            "license_template": "mit",
            "merge_commit_message": "PR_TITLE",
            "merge_commit_title": "MERGE_MESSAGE",
            "name": "terraform-aws-k8s-addons-cluster-autoscaler",
            "node_id": "R_kgDOIBlhgQ",
            "pages": [],
            "private": false,
            "repo_id": 538534273,
            "security_and_analysis": [],
            "squash_merge_commit_message": "COMMIT_MESSAGES",
            "squash_merge_commit_title": "COMMIT_OR_PR_TITLE",
            "ssh_clone_url": "git@github.com:opzkit/terraform-aws-k8s-addons-cluster-autoscaler.git",
            "svn_url": "https://github.com/opzkit/terraform-aws-k8s-addons-cluster-autoscaler",
            "template": [],
            "topics": [],
            "visibility": "public",
            "vulnerability_alerts": true
          },
          "sensitive_attributes": [],
          "private": "bnVsbA=="
        }
      ]
    },
    {
      "module": "module.terraform-aws-k8s-addons-external-dns",
      "mode": "managed",
      "type": "github_branch_protection",
      "name": "repo",
      "provider": "provider[\"registry.terraform.io/integrations/github\"]",
      "instances": [
        {
          "schema_version": 1,
          "attributes": {
            "allows_deletions": false,
            "allows_force_pushes": true,
            "blocks_creations": false,
            "enforce_admins": false,
            "id": "BPR_kwDOGXoYjM4Bycu_",
            "lock_branch": false,
            "pattern": "main",
            "push_restrictions": [],
            "repository_id": "R_kgDOGXoYjA",
            "require_conversation_resolution": false,
            "require_signed_commits": true,
            "required_linear_history": false,
            "required_pull_request_reviews": [
              {
                "dismiss_stale_reviews": true,
                "dismissal_restrictions": [],
                "pull_request_bypassers": [],
                "require_code_owner_reviews": true,
                "require_last_push_approval": false,
                "required_approving_review_count": 1,
                "restrict_dismissals": false
              }
            ],
            "required_status_checks": [
              {
                "contexts": [
                  "build",
                  "commitlint",
                  "terrascan"
                ],
                "strict": false
              }
            ]
          },
          "sensitive_attributes": [],
          "private": "eyJzY2hlbWFfdmVyc2lvbiI6IjEifQ==",
          "dependencies": [
            "module.terraform-aws-k8s-addons-external-dns.github_repository.repo"
          ]
        }
      ]
    },
    {
      "module": "module.terraform-aws-k8s-addons-external-dns",
      "mode": "managed",
      "type": "github_repository",
      "name": "repo",
      "provider": "provider[\"registry.terraform.io/integrations/github\"]",
      "instances": [
        {
          "schema_version": 0,
          "attributes": {
            "allow_auto_merge": true,
            "allow_merge_commit": true,
            "allow_rebase_merge": false,
            "allow_squash_merge": true,
            "allow_update_branch": null,
            "archive_on_destroy": null,
            "archived": false,
            "auto_init": true,
            "default_branch": "main",
            "delete_branch_on_merge": true,
            "description": "",
            "etag": "W/\"ef6d14a571d81b39d318cf2831daf91af4df414b4299c5f47911adeed3ee16f3\"",
            "full_name": "opzkit/terraform-aws-k8s-addons-external-dns",
            "git_clone_url": "git://github.com/opzkit/terraform-aws-k8s-addons-external-dns.git",
            "gitignore_template": null,
            "has_downloads": false,
            "has_issues": true,
            "has_projects": false,
            "has_wiki": false,
            "homepage_url": "",
            "html_url": "https://github.com/opzkit/terraform-aws-k8s-addons-external-dns",
            "http_clone_url": "https://github.com/opzkit/terraform-aws-k8s-addons-external-dns.git",
            "id": "terraform-aws-k8s-addons-external-dns",
            "ignore_vulnerability_alerts_during_read": null,
            "is_template": false,
            "license_template": "mit",
            "merge_commit_message": "PR_TITLE",
            "merge_commit_title": "MERGE_MESSAGE",
            "name": "terraform-aws-k8s-addons-external-dns",
            "node_id": "R_kgDOGXoYjA",
            "pages": [],
            "private": false,
            "repo_id": 427432076,
            "security_and_analysis": [],
            "squash_merge_commit_message": "COMMIT_MESSAGES",
            "squash_merge_commit_title": "COMMIT_OR_PR_TITLE",
            "ssh_clone_url": "git@github.com:opzkit/terraform-aws-k8s-addons-external-dns.git",
            "svn_url": "https://github.com/opzkit/terraform-aws-k8s-addons-external-dns",
            "template": [],
            "topics": [],
            "visibility": "public",
            "vulnerability_alerts": true
          },
          "sensitive_attributes": [],
          "private": "bnVsbA=="
        }
      ]
    },
    {
      "module": "module.terraform-aws-k8s-addons-external-secrets-operator",
      "mode": "managed",
      "type": "github_branch_protection",
      "name": "repo",
      "provider": "provider[\"registry.terraform.io/integrations/github\"]",
      "instances": [
        {
          "schema_version": 1,
          "attributes": {
            "allows_deletions": false,
            "allows_force_pushes": true,
            "blocks_creations": false,
            "enforce_admins": false,
            "id": "BPR_kwDOGng-n84Bycu4",
            "lock_branch": false,
            "pattern": "main",
            "push_restrictions": [],
            "repository_id": "R_kgDOGng-nw",
            "require_conversation_resolution": false,
            "require_signed_commits": true,
            "required_linear_history": false,
            "required_pull_request_reviews": [
              {
                "dismiss_stale_reviews": true,
                "dismissal_restrictions": [],
                "pull_request_bypassers": [],
                "require_code_owner_reviews": true,
                "require_last_push_approval": false,
                "required_approving_review_count": 1,
                "restrict_dismissals": false
              }
            ],
            "required_status_checks": [
              {
                "contexts": [
                  "build",
                  "commitlint",
                  "terrascan"
                ],
                "strict": false
              }
            ]
          },
          "sensitive_attributes": [],
          "private": "eyJzY2hlbWFfdmVyc2lvbiI6IjEifQ==",
          "dependencies": [
            "module.terraform-aws-k8s-addons-external-secrets-operator.github_repository.repo"
          ]
        }
      ]
    },
    {
      "module": "module.terraform-aws-k8s-addons-external-secrets-operator",
      "mode": "managed",
      "type": "github_repository",
      "name": "repo",
      "provider": "provider[\"registry.terraform.io/integrations/github\"]",
      "instances": [
        {
          "schema_version": 0,
          "attributes": {
            "allow_auto_merge": true,
            "allow_merge_commit": true,
            "allow_rebase_merge": false,
            "allow_squash_merge": true,
            "allow_update_branch": null,
            "archive_on_destroy": null,
            "archived": false,
            "auto_init": true,
            "default_branch": "main",
            "delete_branch_on_merge": true,
            "description": "",
            "etag": "W/\"d4e149cad0737ca895f7e38fab79095da2bd199cbb2b60fa24b95f7c40f9927e\"",
            "full_name": "opzkit/terraform-aws-k8s-addons-external-secrets-operator",
            "git_clone_url": "git://github.com/opzkit/terraform-aws-k8s-addons-external-secrets-operator.git",
            "gitignore_template": null,
            "has_downloads": false,
            "has_issues": true,
            "has_projects": false,
            "has_wiki": false,
            "homepage_url": "",
            "html_url": "https://github.com/opzkit/terraform-aws-k8s-addons-external-secrets-operator",
            "http_clone_url": "https://github.com/opzkit/terraform-aws-k8s-addons-external-secrets-operator.git",
            "id": "terraform-aws-k8s-addons-external-secrets-operator",
            "ignore_vulnerability_alerts_during_read": null,
            "is_template": false,
            "license_template": "mit",
            "merge_commit_message": "PR_TITLE",
            "merge_commit_title": "MERGE_MESSAGE",
            "name": "terraform-aws-k8s-addons-external-secrets-operator",
            "node_id": "R_kgDOGng-nw",
            "pages": [],
            "private": false,
            "repo_id": 444087967,
            "security_and_analysis": [],
            "squash_merge_commit_message": "COMMIT_MESSAGES",
            "squash_merge_commit_title": "COMMIT_OR_PR_TITLE",
            "ssh_clone_url": "git@github.com:opzkit/terraform-aws-k8s-addons-external-secrets-operator.git",
            "svn_url": "https://github.com/opzkit/terraform-aws-k8s-addons-external-secrets-operator",
            "template": [],
            "topics": [],
            "visibility": "public",
            "vulnerability_alerts": true
          },
          "sensitive_attributes": [],
          "private": "bnVsbA=="
        }
      ]
    },
    {
      "module": "module.terraform-aws-k8s-addons-fluentbit",
      "mode": "managed",
      "type": "github_branch_protection",
      "name": "repo",
      "provider": "provider[\"registry.terraform.io/integrations/github\"]",
      "instances": [
        {
          "schema_version": 1,
          "attributes": {
            "allows_deletions": false,
            "allows_force_pushes": true,
            "blocks_creations": false,
            "enforce_admins": false,
            "id": "BPR_kwDOGfsb-s4Bycvj",
            "lock_branch": false,
            "pattern": "main",
            "push_restrictions": [],
            "repository_id": "R_kgDOGfsb-g",
            "require_conversation_resolution": false,
            "require_signed_commits": true,
            "required_linear_history": false,
            "required_pull_request_reviews": [
              {
                "dismiss_stale_reviews": true,
                "dismissal_restrictions": [],
                "pull_request_bypassers": [],
                "require_code_owner_reviews": true,
                "require_last_push_approval": false,
                "required_approving_review_count": 1,
                "restrict_dismissals": false
              }
            ],
            "required_status_checks": [
              {
                "contexts": [
                  "build",
                  "commitlint",
                  "terrascan"
                ],
                "strict": false
              }
            ]
          },
          "sensitive_attributes": [],
          "private": "eyJzY2hlbWFfdmVyc2lvbiI6IjEifQ==",
          "dependencies": [
            "module.terraform-aws-k8s-addons-fluentbit.github_repository.repo"
          ]
        }
      ]
    },
    {
      "module": "module.terraform-aws-k8s-addons-fluentbit",
      "mode": "managed",
      "type": "github_repository",
      "name": "repo",
      "provider": "provider[\"registry.terraform.io/integrations/github\"]",
      "instances": [
        {
          "schema_version": 0,
          "attributes": {
            "allow_auto_merge": true,
            "allow_merge_commit": true,
            "allow_rebase_merge": false,
            "allow_squash_merge": true,
            "allow_update_branch": null,
            "archive_on_destroy": null,
            "archived": false,
            "auto_init": true,
            "default_branch": "main",
            "delete_branch_on_merge": true,
            "description": "",
            "etag": "W/\"1d80df6f64625322c43577d292495b92a0f00a921d0fa55baaa041373ef87ebd\"",
            "full_name": "opzkit/terraform-aws-k8s-addons-fluentbit",
            "git_clone_url": "git://github.com/opzkit/terraform-aws-k8s-addons-fluentbit.git",
            "gitignore_template": null,
            "has_downloads": false,
            "has_issues": true,
            "has_projects": false,
            "has_wiki": false,
            "homepage_url": "",
            "html_url": "https://github.com/opzkit/terraform-aws-k8s-addons-fluentbit",
            "http_clone_url": "https://github.com/opzkit/terraform-aws-k8s-addons-fluentbit.git",
            "id": "terraform-aws-k8s-addons-fluentbit",
            "ignore_vulnerability_alerts_during_read": null,
            "is_template": false,
            "license_template": "mit",
            "merge_commit_message": "PR_TITLE",
            "merge_commit_title": "MERGE_MESSAGE",
            "name": "terraform-aws-k8s-addons-fluentbit",
            "node_id": "R_kgDOGfsb-g",
            "pages": [],
            "private": false,
            "repo_id": 435887098,
            "security_and_analysis": [],
            "squash_merge_commit_message": "COMMIT_MESSAGES",
            "squash_merge_commit_title": "COMMIT_OR_PR_TITLE",
            "ssh_clone_url": "git@github.com:opzkit/terraform-aws-k8s-addons-fluentbit.git",
            "svn_url": "https://github.com/opzkit/terraform-aws-k8s-addons-fluentbit",
            "template": [],
            "topics": [],
            "visibility": "public",
            "vulnerability_alerts": true
          },
          "sensitive_attributes": [],
          "private": "bnVsbA=="
        }
      ]
    },
    {
      "module": "module.terraform-aws-k8s-addons-github-runners",
      "mode": "managed",
      "type": "github_branch_protection",
      "name": "repo",
      "provider": "provider[\"registry.terraform.io/integrations/github\"]",
      "instances": [
        {
          "schema_version": 1,
          "attributes": {
            "allows_deletions": false,
            "allows_force_pushes": true,
            "blocks_creations": false,
            "enforce_admins": false,
            "id": "BPR_kwDOGN7J-s4Bycvo",
            "lock_branch": false,
            "pattern": "main",
            "push_restrictions": [],
            "repository_id": "R_kgDOGN7J-g",
            "require_conversation_resolution": false,
            "require_signed_commits": true,
            "required_linear_history": false,
            "required_pull_request_reviews": [
              {
                "dismiss_stale_reviews": true,
                "dismissal_restrictions": [],
                "pull_request_bypassers": [],
                "require_code_owner_reviews": true,
                "require_last_push_approval": false,
                "required_approving_review_count": 1,
                "restrict_dismissals": false
              }
            ],
            "required_status_checks": [
              {
                "contexts": [
                  "build",
                  "commitlint",
                  "terrascan"
                ],
                "strict": false
              }
            ]
          },
          "sensitive_attributes": [],
          "private": "eyJzY2hlbWFfdmVyc2lvbiI6IjEifQ==",
          "dependencies": [
            "module.terraform-aws-k8s-addons-github-runners.github_repository.repo"
          ]
        }
      ]
    },
    {
      "module": "module.terraform-aws-k8s-addons-github-runners",
      "mode": "managed",
      "type": "github_repository",
      "name": "repo",
      "provider": "provider[\"registry.terraform.io/integrations/github\"]",
      "instances": [
        {
          "schema_version": 0,
          "attributes": {
            "allow_auto_merge": true,
            "allow_merge_commit": true,
            "allow_rebase_merge": false,
            "allow_squash_merge": true,
            "allow_update_branch": null,
            "archive_on_destroy": null,
            "archived": false,
            "auto_init": true,
            "default_branch": "main",
            "delete_branch_on_merge": true,
            "description": "",
            "etag": "W/\"470b0fe4b882957c44bc72c9be76c912fa8ac57f7994e5431b7bdca65b9319ec\"",
            "full_name": "opzkit/terraform-aws-k8s-addons-github-runners",
            "git_clone_url": "git://github.com/opzkit/terraform-aws-k8s-addons-github-runners.git",
            "gitignore_template": null,
            "has_downloads": false,
            "has_issues": true,
            "has_projects": false,
            "has_wiki": false,
            "homepage_url": "",
            "html_url": "https://github.com/opzkit/terraform-aws-k8s-addons-github-runners",
            "http_clone_url": "https://github.com/opzkit/terraform-aws-k8s-addons-github-runners.git",
            "id": "terraform-aws-k8s-addons-github-runners",
            "ignore_vulnerability_alerts_during_read": null,
            "is_template": false,
            "license_template": "mit",
            "merge_commit_message": "PR_TITLE",
            "merge_commit_title": "MERGE_MESSAGE",
            "name": "terraform-aws-k8s-addons-github-runners",
            "node_id": "R_kgDOGN7J-g",
            "pages": [],
            "private": false,
            "repo_id": 417253882,
            "security_and_analysis": [],
            "squash_merge_commit_message": "COMMIT_MESSAGES",
            "squash_merge_commit_title": "COMMIT_OR_PR_TITLE",
            "ssh_clone_url": "git@github.com:opzkit/terraform-aws-k8s-addons-github-runners.git",
            "svn_url": "https://github.com/opzkit/terraform-aws-k8s-addons-github-runners",
            "template": [],
            "topics": [],
            "visibility": "public",
            "vulnerability_alerts": true
          },
          "sensitive_attributes": [],
          "private": "bnVsbA=="
        }
      ]
    },
    {
      "module": "module.terraform-aws-k8s-addons-grafana-agent-operator",
      "mode": "managed",
      "type": "github_branch_protection",
      "name": "repo",
      "provider": "provider[\"registry.terraform.io/integrations/github\"]",
      "instances": [
        {
          "schema_version": 1,
          "attributes": {
            "allows_deletions": false,
            "allows_force_pushes": true,
            "blocks_creations": false,
            "enforce_admins": false,
            "id": "BPR_kwDOHIT5w84BycwF",
            "lock_branch": false,
            "pattern": "main",
            "push_restrictions": [],
            "repository_id": "R_kgDOHIT5ww",
            "require_conversation_resolution": false,
            "require_signed_commits": true,
            "required_linear_history": false,
            "required_pull_request_reviews": [
              {
                "dismiss_stale_reviews": true,
                "dismissal_restrictions": [],
                "pull_request_bypassers": [],
                "require_code_owner_reviews": true,
                "require_last_push_approval": false,
                "required_approving_review_count": 1,
                "restrict_dismissals": false
              }
            ],
            "required_status_checks": [
              {
                "contexts": [
                  "build",
                  "commitlint",
                  "terrascan"
                ],
                "strict": false
              }
            ]
          },
          "sensitive_attributes": [],
          "private": "eyJzY2hlbWFfdmVyc2lvbiI6IjEifQ==",
          "dependencies": [
            "module.terraform-aws-k8s-addons-grafana-agent-operator.github_repository.repo"
          ]
        }
      ]
    },
    {
      "module": "module.terraform-aws-k8s-addons-grafana-agent-operator",
      "mode": "managed",
      "type": "github_repository",
      "name": "repo",
      "provider": "provider[\"registry.terraform.io/integrations/github\"]",
      "instances": [
        {
          "schema_version": 0,
          "attributes": {
            "allow_auto_merge": true,
            "allow_merge_commit": true,
            "allow_rebase_merge": false,
            "allow_squash_merge": true,
            "allow_update_branch": null,
            "archive_on_destroy": null,
            "archived": false,
            "auto_init": true,
            "default_branch": "main",
            "delete_branch_on_merge": true,
            "description": "",
            "etag": "W/\"ab91c01db265361d752951dc4a6d8a1f4e966f930fc13e3756a2ec0769ec057c\"",
            "full_name": "opzkit/terraform-aws-k8s-addons-grafana-agent-operator",
            "git_clone_url": "git://github.com/opzkit/terraform-aws-k8s-addons-grafana-agent-operator.git",
            "gitignore_template": null,
            "has_downloads": false,
            "has_issues": true,
            "has_projects": false,
            "has_wiki": false,
            "homepage_url": "",
            "html_url": "https://github.com/opzkit/terraform-aws-k8s-addons-grafana-agent-operator",
            "http_clone_url": "https://github.com/opzkit/terraform-aws-k8s-addons-grafana-agent-operator.git",
            "id": "terraform-aws-k8s-addons-grafana-agent-operator",
            "ignore_vulnerability_alerts_during_read": null,
            "is_template": false,
            "license_template": "mit",
            "merge_commit_message": "PR_TITLE",
            "merge_commit_title": "MERGE_MESSAGE",
            "name": "terraform-aws-k8s-addons-grafana-agent-operator",
            "node_id": "R_kgDOHIT5ww",
            "pages": [],
            "private": false,
            "repo_id": 478476739,
            "security_and_analysis": [],
            "squash_merge_commit_message": "COMMIT_MESSAGES",
            "squash_merge_commit_title": "COMMIT_OR_PR_TITLE",
            "ssh_clone_url": "git@github.com:opzkit/terraform-aws-k8s-addons-grafana-agent-operator.git",
            "svn_url": "https://github.com/opzkit/terraform-aws-k8s-addons-grafana-agent-operator",
            "template": [],
            "topics": [],
            "visibility": "public",
            "vulnerability_alerts": true
          },
          "sensitive_attributes": [],
          "private": "bnVsbA=="
        }
      ]
    },
    {
      "module": "module.terraform-aws-k8s-argocd-cluster-secret",
      "mode": "managed",
      "type": "github_branch_protection",
      "name": "repo",
      "provider": "provider[\"registry.terraform.io/integrations/github\"]",
      "instances": [
        {
          "schema_version": 1,
          "attributes": {
            "allows_deletions": false,
            "allows_force_pushes": true,
            "blocks_creations": false,
            "enforce_admins": false,
            "id": "BPR_kwDOGmRzyc4Bycx3",
            "lock_branch": false,
            "pattern": "main",
            "push_restrictions": [],
            "repository_id": "R_kgDOGmRzyQ",
            "require_conversation_resolution": false,
            "require_signed_commits": true,
            "required_linear_history": false,
            "required_pull_request_reviews": [
              {
                "dismiss_stale_reviews": true,
                "dismissal_restrictions": [],
                "pull_request_bypassers": [],
                "require_code_owner_reviews": true,
                "require_last_push_approval": false,
                "required_approving_review_count": 1,
                "restrict_dismissals": false
              }
            ],
            "required_status_checks": [
              {
                "contexts": [
                  "build",
                  "commitlint",
                  "terrascan"
                ],
                "strict": false
              }
            ]
          },
          "sensitive_attributes": [],
          "private": "eyJzY2hlbWFfdmVyc2lvbiI6IjEifQ==",
          "dependencies": [
            "module.terraform-aws-k8s-argocd-cluster-secret.github_repository.repo"
          ]
        }
      ]
    },
    {
      "module": "module.terraform-aws-k8s-argocd-cluster-secret",
      "mode": "managed",
      "type": "github_repository",
      "name": "repo",
      "provider": "provider[\"registry.terraform.io/integrations/github\"]",
      "instances": [
        {
          "schema_version": 0,
          "attributes": {
            "allow_auto_merge": true,
            "allow_merge_commit": true,
            "allow_rebase_merge": false,
            "allow_squash_merge": true,
            "allow_update_branch": null,
            "archive_on_destroy": null,
            "archived": false,
            "auto_init": true,
            "default_branch": "main",
            "delete_branch_on_merge": true,
            "description": "",
            "etag": "W/\"83a59049ee39eb1e9bc3ff398ff73fc07d7781d7e5869ce806795cc4a02ac925\"",
            "full_name": "opzkit/terraform-aws-k8s-argocd-cluster-secret",
            "git_clone_url": "git://github.com/opzkit/terraform-aws-k8s-argocd-cluster-secret.git",
            "gitignore_template": null,
            "has_downloads": false,
            "has_issues": true,
            "has_projects": false,
            "has_wiki": false,
            "homepage_url": "",
            "html_url": "https://github.com/opzkit/terraform-aws-k8s-argocd-cluster-secret",
            "http_clone_url": "https://github.com/opzkit/terraform-aws-k8s-argocd-cluster-secret.git",
            "id": "terraform-aws-k8s-argocd-cluster-secret",
            "ignore_vulnerability_alerts_during_read": null,
            "is_template": false,
            "license_template": "mit",
            "merge_commit_message": "PR_TITLE",
            "merge_commit_title": "MERGE_MESSAGE",
            "name": "terraform-aws-k8s-argocd-cluster-secret",
            "node_id": "R_kgDOGmRzyQ",
            "pages": [],
            "private": false,
            "repo_id": 442790857,
            "security_and_analysis": [],
            "squash_merge_commit_message": "COMMIT_MESSAGES",
            "squash_merge_commit_title": "COMMIT_OR_PR_TITLE",
            "ssh_clone_url": "git@github.com:opzkit/terraform-aws-k8s-argocd-cluster-secret.git",
            "svn_url": "https://github.com/opzkit/terraform-aws-k8s-argocd-cluster-secret",
            "template": [],
            "topics": [],
            "visibility": "public",
            "vulnerability_alerts": true
          },
          "sensitive_attributes": [],
          "private": "bnVsbA=="
        }
      ]
    },
    {
      "module": "module.terraform-aws-k8s-network",
      "mode": "managed",
      "type": "github_branch_protection",
      "name": "repo",
      "provider": "provider[\"registry.terraform.io/integrations/github\"]",
      "instances": [
        {
          "schema_version": 1,
          "attributes": {
            "allows_deletions": false,
            "allows_force_pushes": true,
            "blocks_creations": false,
            "enforce_admins": false,
            "id": "BPR_kwDOGEz1n84Bycx1",
            "lock_branch": false,
            "pattern": "main",
            "push_restrictions": [],
            "repository_id": "MDEwOlJlcG9zaXRvcnk0MDc2OTY3OTk=",
            "require_conversation_resolution": false,
            "require_signed_commits": true,
            "required_linear_history": false,
            "required_pull_request_reviews": [
              {
                "dismiss_stale_reviews": true,
                "dismissal_restrictions": [],
                "pull_request_bypassers": [],
                "require_code_owner_reviews": true,
                "require_last_push_approval": false,
                "required_approving_review_count": 1,
                "restrict_dismissals": false
              }
            ],
            "required_status_checks": [
              {
                "contexts": [
                  "build",
                  "commitlint",
                  "terrascan"
                ],
                "strict": false
              }
            ]
          },
          "sensitive_attributes": [],
          "private": "eyJzY2hlbWFfdmVyc2lvbiI6IjEifQ==",
          "dependencies": [
            "module.terraform-aws-k8s-network.github_repository.repo"
          ]
        }
      ]
    },
    {
      "module": "module.terraform-aws-k8s-network",
      "mode": "managed",
      "type": "github_repository",
      "name": "repo",
      "provider": "provider[\"registry.terraform.io/integrations/github\"]",
      "instances": [
        {
          "schema_version": 0,
          "attributes": {
            "allow_auto_merge": true,
            "allow_merge_commit": true,
            "allow_rebase_merge": false,
            "allow_squash_merge": true,
            "allow_update_branch": null,
            "archive_on_destroy": null,
            "archived": false,
            "auto_init": true,
            "default_branch": "main",
            "delete_branch_on_merge": true,
            "description": "",
            "etag": "W/\"7047347ab8780ce7a919aefca3e6b24988fd98a9daf4f7975113f0f7162dfb23\"",
            "full_name": "opzkit/terraform-aws-k8s-network",
            "git_clone_url": "git://github.com/opzkit/terraform-aws-k8s-network.git",
            "gitignore_template": null,
            "has_downloads": false,
            "has_issues": true,
            "has_projects": false,
            "has_wiki": false,
            "homepage_url": "",
            "html_url": "https://github.com/opzkit/terraform-aws-k8s-network",
            "http_clone_url": "https://github.com/opzkit/terraform-aws-k8s-network.git",
            "id": "terraform-aws-k8s-network",
            "ignore_vulnerability_alerts_during_read": null,
            "is_template": false,
            "license_template": "mit",
            "merge_commit_message": "PR_TITLE",
            "merge_commit_title": "MERGE_MESSAGE",
            "name": "terraform-aws-k8s-network",
            "node_id": "MDEwOlJlcG9zaXRvcnk0MDc2OTY3OTk=",
            "pages": [],
            "private": false,
            "repo_id": 407696799,
            "security_and_analysis": [],
            "squash_merge_commit_message": "COMMIT_MESSAGES",
            "squash_merge_commit_title": "COMMIT_OR_PR_TITLE",
            "ssh_clone_url": "git@github.com:opzkit/terraform-aws-k8s-network.git",
            "svn_url": "https://github.com/opzkit/terraform-aws-k8s-network",
            "template": [],
            "topics": [],
            "visibility": "public",
            "vulnerability_alerts": true
          },
          "sensitive_attributes": [],
          "private": "bnVsbA=="
        }
      ]
    },
    {
      "module": "module.terraform-aws-kops-state-store",
      "mode": "managed",
      "type": "github_branch_protection",
      "name": "repo",
      "provider": "provider[\"registry.terraform.io/integrations/github\"]",
      "instances": [
        {
          "schema_version": 1,
          "attributes": {
            "allows_deletions": false,
            "allows_force_pushes": true,
            "blocks_creations": false,
            "enforce_admins": false,
            "id": "BPR_kwDOGMvdvs4Bycx5",
            "lock_branch": false,
            "pattern": "main",
            "push_restrictions": [],
            "repository_id": "R_kgDOGMvdvg",
            "require_conversation_resolution": false,
            "require_signed_commits": true,
            "required_linear_history": false,
            "required_pull_request_reviews": [
              {
                "dismiss_stale_reviews": true,
                "dismissal_restrictions": [],
                "pull_request_bypassers": [],
                "require_code_owner_reviews": true,
                "require_last_push_approval": false,
                "required_approving_review_count": 1,
                "restrict_dismissals": false
              }
            ],
            "required_status_checks": [
              {
                "contexts": [
                  "build",
                  "commitlint",
                  "terrascan"
                ],
                "strict": false
              }
            ]
          },
          "sensitive_attributes": [],
          "private": "eyJzY2hlbWFfdmVyc2lvbiI6IjEifQ==",
          "dependencies": [
            "module.terraform-aws-kops-state-store.github_repository.repo"
          ]
        }
      ]
    },
    {
      "module": "module.terraform-aws-kops-state-store",
      "mode": "managed",
      "type": "github_repository",
      "name": "repo",
      "provider": "provider[\"registry.terraform.io/integrations/github\"]",
      "instances": [
        {
          "schema_version": 0,
          "attributes": {
            "allow_auto_merge": true,
            "allow_merge_commit": true,
            "allow_rebase_merge": false,
            "allow_squash_merge": true,
            "allow_update_branch": null,
            "archive_on_destroy": null,
            "archived": false,
            "auto_init": true,
            "default_branch": "main",
            "delete_branch_on_merge": true,
            "description": "",
            "etag": "W/\"f8e884b5f5baf39ac3c60645ef977e83b773f88b172b76ba319c7f0ff02c28f4\"",
            "full_name": "opzkit/terraform-aws-kops-state-store",
            "git_clone_url": "git://github.com/opzkit/terraform-aws-kops-state-store.git",
            "gitignore_template": null,
            "has_downloads": false,
            "has_issues": true,
            "has_projects": false,
            "has_wiki": false,
            "homepage_url": "",
            "html_url": "https://github.com/opzkit/terraform-aws-kops-state-store",
            "http_clone_url": "https://github.com/opzkit/terraform-aws-kops-state-store.git",
            "id": "terraform-aws-kops-state-store",
            "ignore_vulnerability_alerts_during_read": null,
            "is_template": false,
            "license_template": "mit",
            "merge_commit_message": "PR_TITLE",
            "merge_commit_title": "MERGE_MESSAGE",
            "name": "terraform-aws-kops-state-store",
            "node_id": "R_kgDOGMvdvg",
            "pages": [],
            "private": false,
            "repo_id": 416013758,
            "security_and_analysis": [],
            "squash_merge_commit_message": "COMMIT_MESSAGES",
            "squash_merge_commit_title": "COMMIT_OR_PR_TITLE",
            "ssh_clone_url": "git@github.com:opzkit/terraform-aws-kops-state-store.git",
            "svn_url": "https://github.com/opzkit/terraform-aws-kops-state-store",
            "template": [],
            "topics": [],
            "visibility": "public",
            "vulnerability_alerts": true
          },
          "sensitive_attributes": [],
          "private": "bnVsbA=="
        }
      ]
    },
    {
      "module": "module.terraform-aws-rds-instance-mysql",
      "mode": "managed",
      "type": "github_branch_protection",
      "name": "repo",
      "provider": "provider[\"registry.terraform.io/integrations/github\"]",
      "instances": [
        {
          "schema_version": 1,
          "attributes": {
            "allows_deletions": false,
            "allows_force_pushes": true,
            "blocks_creations": false,
            "enforce_admins": false,
            "id": "BPR_kwDOGOzCK84Bycx-",
            "lock_branch": false,
            "pattern": "main",
            "push_restrictions": [],
            "repository_id": "R_kgDOGOzCKw",
            "require_conversation_resolution": false,
            "require_signed_commits": true,
            "required_linear_history": false,
            "required_pull_request_reviews": [
              {
                "dismiss_stale_reviews": true,
                "dismissal_restrictions": [],
                "pull_request_bypassers": [],
                "require_code_owner_reviews": true,
                "require_last_push_approval": false,
                "required_approving_review_count": 1,
                "restrict_dismissals": false
              }
            ],
            "required_status_checks": [
              {
                "contexts": [
                  "build",
                  "commitlint",
                  "terrascan"
                ],
                "strict": false
              }
            ]
          },
          "sensitive_attributes": [],
          "private": "eyJzY2hlbWFfdmVyc2lvbiI6IjEifQ==",
          "dependencies": [
            "module.terraform-aws-rds-instance-mysql.github_repository.repo"
          ]
        }
      ]
    },
    {
      "module": "module.terraform-aws-rds-instance-mysql",
      "mode": "managed",
      "type": "github_repository",
      "name": "repo",
      "provider": "provider[\"registry.terraform.io/integrations/github\"]",
      "instances": [
        {
          "schema_version": 0,
          "attributes": {
            "allow_auto_merge": true,
            "allow_merge_commit": true,
            "allow_rebase_merge": false,
            "allow_squash_merge": true,
            "allow_update_branch": null,
            "archive_on_destroy": null,
            "archived": false,
            "auto_init": true,
            "default_branch": "main",
            "delete_branch_on_merge": true,
            "description": "",
            "etag": "W/\"e01f946565df478be4648cedb587e594b3195c41bda52fb60f336152e358ff09\"",
            "full_name": "opzkit/terraform-aws-rds-instance-mysql",
            "git_clone_url": "git://github.com/opzkit/terraform-aws-rds-instance-mysql.git",
            "gitignore_template": null,
            "has_downloads": false,
            "has_issues": true,
            "has_projects": false,
            "has_wiki": false,
            "homepage_url": "",
            "html_url": "https://github.com/opzkit/terraform-aws-rds-instance-mysql",
            "http_clone_url": "https://github.com/opzkit/terraform-aws-rds-instance-mysql.git",
            "id": "terraform-aws-rds-instance-mysql",
            "ignore_vulnerability_alerts_during_read": null,
            "is_template": false,
            "license_template": "mit",
            "merge_commit_message": "PR_TITLE",
            "merge_commit_title": "MERGE_MESSAGE",
            "name": "terraform-aws-rds-instance-mysql",
            "node_id": "R_kgDOGOzCKw",
            "pages": [],
            "private": false,
            "repo_id": 418169387,
            "security_and_analysis": [],
            "squash_merge_commit_message": "COMMIT_MESSAGES",
            "squash_merge_commit_title": "COMMIT_OR_PR_TITLE",
            "ssh_clone_url": "git@github.com:opzkit/terraform-aws-rds-instance-mysql.git",
            "svn_url": "https://github.com/opzkit/terraform-aws-rds-instance-mysql",
            "template": [],
            "topics": [],
            "visibility": "public",
            "vulnerability_alerts": true
          },
          "sensitive_attributes": [],
          "private": "bnVsbA=="
        }
      ]
    },
    {
      "module": "module.terraform-aws-rds-instance-postgresql",
      "mode": "managed",
      "type": "github_branch_protection",
      "name": "repo",
      "provider": "provider[\"registry.terraform.io/integrations/github\"]",
      "instances": [
        {
          "schema_version": 1,
          "attributes": {
            "allows_deletions": false,
            "allows_force_pushes": true,
            "blocks_creations": false,
            "enforce_admins": false,
            "id": "BPR_kwDOGOzETs4Bycx_",
            "lock_branch": false,
            "pattern": "main",
            "push_restrictions": [],
            "repository_id": "R_kgDOGOzETg",
            "require_conversation_resolution": false,
            "require_signed_commits": true,
            "required_linear_history": false,
            "required_pull_request_reviews": [
              {
                "dismiss_stale_reviews": true,
                "dismissal_restrictions": [],
                "pull_request_bypassers": [],
                "require_code_owner_reviews": true,
                "require_last_push_approval": false,
                "required_approving_review_count": 1,
                "restrict_dismissals": false
              }
            ],
            "required_status_checks": [
              {
                "contexts": [
                  "build",
                  "commitlint",
                  "terrascan"
                ],
                "strict": false
              }
            ]
          },
          "sensitive_attributes": [],
          "private": "eyJzY2hlbWFfdmVyc2lvbiI6IjEifQ==",
          "dependencies": [
            "module.terraform-aws-rds-instance-postgresql.github_repository.repo"
          ]
        }
      ]
    },
    {
      "module": "module.terraform-aws-rds-instance-postgresql",
      "mode": "managed",
      "type": "github_repository",
      "name": "repo",
      "provider": "provider[\"registry.terraform.io/integrations/github\"]",
      "instances": [
        {
          "schema_version": 0,
          "attributes": {
            "allow_auto_merge": true,
            "allow_merge_commit": true,
            "allow_rebase_merge": false,
            "allow_squash_merge": true,
            "allow_update_branch": null,
            "archive_on_destroy": null,
            "archived": false,
            "auto_init": true,
            "default_branch": "main",
            "delete_branch_on_merge": true,
            "description": "",
            "etag": "W/\"966d970e08b046cb72490ff61ab9d9984562345ce83a8a044b36f37cc0847f19\"",
            "full_name": "opzkit/terraform-aws-rds-instance-postgresql",
            "git_clone_url": "git://github.com/opzkit/terraform-aws-rds-instance-postgresql.git",
            "gitignore_template": null,
            "has_downloads": false,
            "has_issues": true,
            "has_projects": false,
            "has_wiki": false,
            "homepage_url": "",
            "html_url": "https://github.com/opzkit/terraform-aws-rds-instance-postgresql",
            "http_clone_url": "https://github.com/opzkit/terraform-aws-rds-instance-postgresql.git",
            "id": "terraform-aws-rds-instance-postgresql",
            "ignore_vulnerability_alerts_during_read": null,
            "is_template": false,
            "license_template": "mit",
            "merge_commit_message": "PR_TITLE",
            "merge_commit_title": "MERGE_MESSAGE",
            "name": "terraform-aws-rds-instance-postgresql",
            "node_id": "R_kgDOGOzETg",
            "pages": [],
            "private": false,
            "repo_id": 418169934,
            "security_and_analysis": [],
            "squash_merge_commit_message": "COMMIT_MESSAGES",
            "squash_merge_commit_title": "COMMIT_OR_PR_TITLE",
            "ssh_clone_url": "git@github.com:opzkit/terraform-aws-rds-instance-postgresql.git",
            "svn_url": "https://github.com/opzkit/terraform-aws-rds-instance-postgresql",
            "template": [],
            "topics": [],
            "visibility": "public",
            "vulnerability_alerts": true
          },
          "sensitive_attributes": [],
          "private": "bnVsbA=="
        }
      ]
    },
    {
      "module": "module.terraform-cloudamqp-rabbitmq",
      "mode": "managed",
      "type": "github_branch_protection",
      "name": "repo",
      "provider": "provider[\"registry.terraform.io/integrations/github\"]",
      "instances": [
        {
          "schema_version": 1,
          "attributes": {
            "allows_deletions": false,
            "allows_force_pushes": true,
            "blocks_creations": false,
            "enforce_admins": false,
            "id": "BPR_kwDOGkwzzs4Byc2F",
            "lock_branch": false,
            "pattern": "main",
            "push_restrictions": [],
            "repository_id": "R_kgDOGkwzzg",
            "require_conversation_resolution": false,
            "require_signed_commits": true,
            "required_linear_history": false,
            "required_pull_request_reviews": [
              {
                "dismiss_stale_reviews": true,
                "dismissal_restrictions": [],
                "pull_request_bypassers": [],
                "require_code_owner_reviews": true,
                "require_last_push_approval": false,
                "required_approving_review_count": 1,
                "restrict_dismissals": false
              }
            ],
            "required_status_checks": [
              {
                "contexts": [
                  "build",
                  "commitlint",
                  "terrascan"
                ],
                "strict": false
              }
            ]
          },
          "sensitive_attributes": [],
          "private": "eyJzY2hlbWFfdmVyc2lvbiI6IjEifQ==",
          "dependencies": [
            "module.terraform-cloudamqp-rabbitmq.github_repository.repo"
          ]
        }
      ]
    },
    {
      "module": "module.terraform-cloudamqp-rabbitmq",
      "mode": "managed",
      "type": "github_repository",
      "name": "repo",
      "provider": "provider[\"registry.terraform.io/integrations/github\"]",
      "instances": [
        {
          "schema_version": 0,
          "attributes": {
            "allow_auto_merge": true,
            "allow_merge_commit": true,
            "allow_rebase_merge": false,
            "allow_squash_merge": true,
            "allow_update_branch": null,
            "archive_on_destroy": null,
            "archived": false,
            "auto_init": true,
            "default_branch": "main",
            "delete_branch_on_merge": true,
            "description": "",
            "etag": "W/\"5da50cf49471b15d93b4580bd03189da5df93b5c2f488cfea04e81d0f4ca83b8\"",
            "full_name": "opzkit/terraform-cloudamqp-rabbitmq",
            "git_clone_url": "git://github.com/opzkit/terraform-cloudamqp-rabbitmq.git",
            "gitignore_template": null,
            "has_downloads": false,
            "has_issues": true,
            "has_projects": false,
            "has_wiki": false,
            "homepage_url": "",
            "html_url": "https://github.com/opzkit/terraform-cloudamqp-rabbitmq",
            "http_clone_url": "https://github.com/opzkit/terraform-cloudamqp-rabbitmq.git",
            "id": "terraform-cloudamqp-rabbitmq",
            "ignore_vulnerability_alerts_during_read": null,
            "is_template": false,
            "license_template": "mit",
            "merge_commit_message": "PR_TITLE",
            "merge_commit_title": "MERGE_MESSAGE",
            "name": "terraform-cloudamqp-rabbitmq",
            "node_id": "R_kgDOGkwzzg",
            "pages": [],
            "private": false,
            "repo_id": 441201614,
            "security_and_analysis": [],
            "squash_merge_commit_message": "COMMIT_MESSAGES",
            "squash_merge_commit_title": "COMMIT_OR_PR_TITLE",
            "ssh_clone_url": "git@github.com:opzkit/terraform-cloudamqp-rabbitmq.git",
            "svn_url": "https://github.com/opzkit/terraform-cloudamqp-rabbitmq",
            "template": [],
            "topics": [],
            "visibility": "public",
            "vulnerability_alerts": true
          },
          "sensitive_attributes": [],
          "private": "bnVsbA=="
        }
      ]
    }
  ],
  "check_results": []
}
