{
  "version": 4,
  "terraform_version": "1.3.0",
  "serial": 87,
  "lineage": "c8f3e227-7373-3f95-b910-46439e865458",
  "outputs": {},
  "resources": [
    {
      "module": "module.example",
      "mode": "managed",
      "type": "github_branch_protection",
      "name": "repo",
      "provider": "provider[\"registry.terraform.io/integrations/github\"]",
      "instances": [
        {
          "schema_version": 1,
          "attributes": {
            "allows_deletions": false,
            "allows_force_pushes": true,
            "blocks_creations": false,
            "enforce_admins": false,
            "id": "BPR_kwDOIPxQ984ByDG5",
            "pattern": "main",
            "push_restrictions": [],
            "repository_id": "R_kgDOIPxQ9w",
            "require_conversation_resolution": false,
            "require_signed_commits": true,
            "required_linear_history": false,
            "required_pull_request_reviews": [
              {
                "dismiss_stale_reviews": true,
                "dismissal_restrictions": [],
                "pull_request_bypassers": [],
                "require_code_owner_reviews": true,
                "required_approving_review_count": 1,
                "restrict_dismissals": false
              }
            ],
            "required_status_checks": [
              {
                "contexts": [
                  "build",
                  "commitlint",
                  "terrascan"
                ],
                "strict": false
              }
            ]
          },
          "sensitive_attributes": [],
          "private": "eyJzY2hlbWFfdmVyc2lvbiI6IjEifQ==",
          "dependencies": [
            "module.example.github_repository.repo",
            "module.template.github_branch_protection.repo",
            "module.template.github_repository.repo",
            "module.template.github_repository_file.examples",
            "module.template.github_repository_file.files",
            "module.template.github_repository_file.github"
          ]
        }
      ]
    },
    {
      "module": "module.example",
      "mode": "managed",
      "type": "github_repository",
      "name": "repo",
      "provider": "provider[\"registry.terraform.io/integrations/github\"]",
      "instances": [
        {
          "schema_version": 0,
          "attributes": {
            "allow_auto_merge": true,
            "allow_merge_commit": true,
            "allow_rebase_merge": false,
            "allow_squash_merge": true,
            "archive_on_destroy": null,
            "archived": false,
            "auto_init": true,
            "branches": [
              {
                "name": "main",
                "protected": true
              }
            ],
            "default_branch": "main",
            "delete_branch_on_merge": true,
            "description": "some text",
            "etag": "W/\"5efa94c2e88bd0221b69a2813c147c092a6fb18917e1cdb456b217452b9a7d5d\"",
            "full_name": "opzkit/example",
            "git_clone_url": "git://github.com/opzkit/example.git",
            "gitignore_template": null,
            "has_downloads": false,
            "has_issues": true,
            "has_projects": false,
            "has_wiki": false,
            "homepage_url": "",
            "html_url": "https://github.com/opzkit/example",
            "http_clone_url": "https://github.com/opzkit/example.git",
            "id": "example",
            "ignore_vulnerability_alerts_during_read": null,
            "is_template": false,
            "license_template": "mit",
            "merge_commit_message": "PR_TITLE",
            "merge_commit_title": "MERGE_MESSAGE",
            "name": "example",
            "node_id": "R_kgDOIPxQ9w",
            "pages": [],
            "private": false,
            "repo_id": 553406711,
            "squash_merge_commit_message": "COMMIT_MESSAGES",
            "squash_merge_commit_title": "COMMIT_OR_PR_TITLE",
            "ssh_clone_url": "git@github.com:opzkit/example.git",
            "svn_url": "https://github.com/opzkit/example",
            "template": [],
            "topics": [],
            "visibility": "public",
            "vulnerability_alerts": true
          },
          "sensitive_attributes": [],
          "private": "bnVsbA==",
          "dependencies": [
            "module.template.github_branch_protection.repo",
            "module.template.github_repository.repo",
            "module.template.github_repository_file.examples",
            "module.template.github_repository_file.files",
            "module.template.github_repository_file.github"
          ]
        }
      ]
    },
    {
      "module": "module.template",
      "mode": "managed",
      "type": "github_branch_protection",
      "name": "repo",
      "provider": "provider[\"registry.terraform.io/integrations/github\"]",
      "instances": [
        {
          "schema_version": 1,
          "attributes": {
            "allows_deletions": false,
            "allows_force_pushes": true,
            "blocks_creations": false,
            "enforce_admins": false,
            "id": "BPR_kwDOIPw-ls4ByDD8",
            "pattern": "main",
            "push_restrictions": [],
            "repository_id": "R_kgDOIPw-lg",
            "require_conversation_resolution": false,
            "require_signed_commits": true,
            "required_linear_history": false,
            "required_pull_request_reviews": [
              {
                "dismiss_stale_reviews": true,
                "dismissal_restrictions": [],
                "pull_request_bypassers": [],
                "require_code_owner_reviews": true,
                "required_approving_review_count": 1,
                "restrict_dismissals": false
              }
            ],
            "required_status_checks": [
              {
                "contexts": [
                  "commitlint"
                ],
                "strict": false
              }
            ]
          },
          "sensitive_attributes": [],
          "private": "eyJzY2hlbWFfdmVyc2lvbiI6IjEifQ==",
          "dependencies": [
            "module.template.github_repository.repo"
          ]
        }
      ]
    },
    {
      "module": "module.template",
      "mode": "managed",
      "type": "github_repository",
      "name": "repo",
      "provider": "provider[\"registry.terraform.io/integrations/github\"]",
      "instances": [
        {
          "schema_version": 0,
          "attributes": {
            "allow_auto_merge": true,
            "allow_merge_commit": true,
            "allow_rebase_merge": false,
            "allow_squash_merge": true,
            "archive_on_destroy": null,
            "archived": false,
            "auto_init": true,
            "branches": [
              {
                "name": "main",
                "protected": true
              }
            ],
            "default_branch": "main",
            "delete_branch_on_merge": true,
            "description": "Template repository for Terraform modules",
            "etag": "W/\"e907a68b25754d0e05e8ef34c5c5b3f11c5e16a87c7a88647d57a75276a140fa\"",
            "full_name": "opzkit/tf-template",
            "git_clone_url": "git://github.com/opzkit/tf-template.git",
            "gitignore_template": null,
            "has_downloads": false,
            "has_issues": true,
            "has_projects": false,
            "has_wiki": false,
            "homepage_url": "",
            "html_url": "https://github.com/opzkit/tf-template",
            "http_clone_url": "https://github.com/opzkit/tf-template.git",
            "id": "tf-template",
            "ignore_vulnerability_alerts_during_read": null,
            "is_template": true,
            "license_template": "mit",
            "merge_commit_message": "PR_TITLE",
            "merge_commit_title": "MERGE_MESSAGE",
            "name": "tf-template",
            "node_id": "R_kgDOIPw-lg",
            "pages": [],
            "private": false,
            "repo_id": 553402006,
            "squash_merge_commit_message": "COMMIT_MESSAGES",
            "squash_merge_commit_title": "COMMIT_OR_PR_TITLE",
            "ssh_clone_url": "git@github.com:opzkit/tf-template.git",
            "svn_url": "https://github.com/opzkit/tf-template",
            "template": [],
            "topics": [],
            "visibility": "public",
            "vulnerability_alerts": true
          },
          "sensitive_attributes": [],
          "private": "bnVsbA=="
        }
      ]
    },
    {
      "module": "module.template",
      "mode": "managed",
      "type": "github_repository_file",
      "name": "examples",
      "provider": "provider[\"registry.terraform.io/integrations/github\"]",
      "instances": [
        {
          "schema_version": 0,
          "attributes": {
            "branch": "main",
            "commit_author": "Peter Svensson",
            "commit_email": "peter@sparetimecoders.com",
            "commit_message": "chore: update examples",
            "commit_sha": "807c49a8ae12ee7be4a0401877d4ac7f86145a84",
            "content": "",
            "file": "examples/.gitkeep",
            "id": "tf-template/examples/.gitkeep",
            "overwrite_on_create": false,
            "repository": "tf-template",
            "sha": "e69de29bb2d1d6434b8b29ae775ad8c2e48c5391"
          },
          "sensitive_attributes": [],
          "private": "bnVsbA==",
          "dependencies": [
            "module.template.github_repository.repo"
          ]
        }
      ]
    },
    {
      "module": "module.template",
      "mode": "managed",
      "type": "github_repository_file",
      "name": "files",
      "provider": "provider[\"registry.terraform.io/integrations/github\"]",
      "instances": [
        {
          "index_key": ".gitignore",
          "schema_version": 0,
          "attributes": {
            "branch": "main",
            "commit_author": "Peter Svensson",
            "commit_email": "peter@sparetimecoders.com",
            "commit_message": "chore: update .gitignore",
            "commit_sha": "2859b9380dd02c5c9272d18dfd7b71020940ac72",
            "content": "# Local .terraform directories\n**/.terraform/*\n\n# .tfstate files\n*.tfstate\n*.tfstate.*\n\n# Crash log files\ncrash.log\n\n# Ignore any .tfvars files that are generated automatically for each Terraform run. Most\n# .tfvars files are managed as part of configuration and so should be included in\n# version control.\n#\n# example.tfvars\n\n# Ignore override files as they are usually used to override resources locally and so\n# are not checked in\noverride.tf\noverride.tf.json\n*_override.tf\n*_override.tf.json\n\n# Include override files you do wish to add to version control using negated pattern\n#\n# !example_override.tf\n\n# Include tfplan files to ignore the plan output of command: terraform plan -out=tfplan\n# example: *tfplan*\n\nexamples/**/.terraform.lock.hcl\n.idea\n",
            "file": ".gitignore",
            "id": "tf-template/.gitignore",
            "overwrite_on_create": false,
            "repository": "tf-template",
            "sha": "4b3e2f96162eb7d003f29b20a40e9ad4f8f82120"
          },
          "sensitive_attributes": [],
          "private": "bnVsbA==",
          "dependencies": [
            "module.template.github_repository.repo"
          ]
        },
        {
          "index_key": "CODEOWNERS",
          "schema_version": 0,
          "attributes": {
            "branch": "main",
            "commit_author": "Peter Svensson",
            "commit_email": "peter@sparetimecoders.com",
            "commit_message": "chore: update CODEOWNERS",
            "commit_sha": "210bb755e730d2ca275cb614c3ede135da670f91",
            "content": "* @argoyle @peter-svensson\n",
            "file": "CODEOWNERS",
            "id": "tf-template/CODEOWNERS",
            "overwrite_on_create": false,
            "repository": "tf-template",
            "sha": "55e58dd11044051c600d00d3571d115745ea09b9"
          },
          "sensitive_attributes": [],
          "private": "bnVsbA==",
          "dependencies": [
            "module.template.github_repository.repo"
          ]
        },
        {
          "index_key": "Makefile",
          "schema_version": 0,
          "attributes": {
            "branch": "main",
            "commit_author": "Peter Svensson",
            "commit_email": "peter@sparetimecoders.com",
            "commit_message": "chore: update Makefile",
            "commit_sha": "237d20f5b39dded9a337f2c1c7e366df378a55fc",
            "content": "#!/usr/bin/make -f\n\nSHELL = /bin/bash\nEXAMPLES = $(shell find ./examples/* -maxdepth 1 -type d -not -path '*/\\.*')\n\n.PHONY: examples\nexamples: $(addprefix example/,$(EXAMPLES))\n\n.PHONY: example/%\nexample/%:\n\t@echo \"Processing example: $(notdir $*)\"\n\t@terraform -chdir=$* init\n\t@terraform -chdir=$* validate\n\t@terraform -chdir=$* plan\n\n",
            "file": "Makefile",
            "id": "tf-template/Makefile",
            "overwrite_on_create": false,
            "repository": "tf-template",
            "sha": "1faccaf599701ffd31114c1c7efd1dd753b6a212"
          },
          "sensitive_attributes": [],
          "private": "bnVsbA==",
          "dependencies": [
            "module.template.github_repository.repo"
          ]
        }
      ]
    },
    {
      "module": "module.template",
      "mode": "managed",
      "type": "github_repository_file",
      "name": "github",
      "provider": "provider[\"registry.terraform.io/integrations/github\"]",
      "instances": [
        {
          "index_key": ".github/commitlint.config.js",
          "schema_version": 0,
          "attributes": {
            "branch": "main",
            "commit_author": "Peter Svensson",
            "commit_email": "peter@sparetimecoders.com",
            "commit_message": "chore: update .github/commitlint.config.js",
            "commit_sha": "5046d35845946b957d188d3ec2d1ed6d3250309e",
            "content": "const Configuration = {\n\n  extends: ['@commitlint/config-conventional'],\n\n  /*\n   * Any rules defined here will override rules from @commitlint/config-conventional\n   */\n  rules: {\n    'body-max-line-length': [2, 'always', 200],\n  },\n};\n\nmodule.exports = Configuration;\n",
            "file": ".github/commitlint.config.js",
            "id": "tf-template/.github/commitlint.config.js",
            "overwrite_on_create": false,
            "repository": "tf-template",
            "sha": "c50801fd4dd337c44166ca4bfc70c501cd9a5643"
          },
          "sensitive_attributes": [],
          "private": "bnVsbA==",
          "dependencies": [
            "module.template.github_repository.repo"
          ]
        },
        {
          "index_key": ".github/dependabot.yml",
          "schema_version": 0,
          "attributes": {
            "branch": "main",
            "commit_author": "Peter Svensson",
            "commit_email": "peter@sparetimecoders.com",
            "commit_message": "chore: update .github/dependabot.yml",
            "commit_sha": "9c8838739b68072e5fce7aed411c3d760b281e8c",
            "content": "version: 2\nupdates:\n  - package-ecosystem: terraform\n    directory: \"/\"\n    schedule:\n      interval: \"daily\"\n    open-pull-requests-limit: 10\n\n  - package-ecosystem: terraform\n    directory: \"/examples\"\n    schedule:\n      interval: \"daily\"\n    open-pull-requests-limit: 10\n\n  - package-ecosystem: \"github-actions\"\n    directory: \"/\"\n    schedule:\n      interval: \"daily\"\n    open-pull-requests-limit: 10\n",
            "file": ".github/dependabot.yml",
            "id": "tf-template/.github/dependabot.yml",
            "overwrite_on_create": false,
            "repository": "tf-template",
            "sha": "d1f94de81c4cc00921760f721a6c9a50a505c898"
          },
          "sensitive_attributes": [],
          "private": "bnVsbA==",
          "dependencies": [
            "module.template.github_repository.repo"
          ]
        },
        {
          "index_key": ".github/workflows/build.yml",
          "schema_version": 0,
          "attributes": {
            "branch": "main",
            "commit_author": "Peter Svensson",
            "commit_email": "peter@sparetimecoders.com",
            "commit_message": "chore: update .github/workflows/build.yml",
            "commit_sha": "33e75c89ed2ece575ec7a409a0b656dc759267ae",
            "content": "name: Build\n\non: [ push, workflow_dispatch ]\n\njobs:\n  examples:\n    runs-on: ubuntu-latest\n    strategy:\n      fail-fast: false\n      matrix:\n        os: [ ubuntu-latest ]\n        tf-version: [ 1.1.9, 1.2.9, 1.3.2 ]\n    steps:\n      - name: Install terraform v${{ matrix.tf-version }}\n        run: |\n          curl -LO https://releases.hashicorp.com/terraform/${{ matrix.tf-version }}/terraform_${{ matrix.tf-version }}_linux_amd64.zip\n          unzip terraform_${{ matrix.tf-version }}_linux_amd64.zip\n          sudo mv terraform /usr/local/bin\n          rm *\n      - name: Checkout code\n        uses: actions/checkout@v2\n      - name: Validate examples terraform v${{ matrix.tf-version }}\n        run: make examples\n  build:\n    needs: [examples]\n    runs-on: ubuntu-latest\n    steps:\n      - run: echo \"OK\"\n",
            "file": ".github/workflows/build.yml",
            "id": "tf-template/.github/workflows/build.yml",
            "overwrite_on_create": false,
            "repository": "tf-template",
            "sha": "8da8a0c378b93f6a45e061ac0d9a0c158b3ffc94"
          },
          "sensitive_attributes": [],
          "private": "bnVsbA==",
          "dependencies": [
            "module.template.github_repository.repo"
          ]
        },
        {
          "index_key": ".github/workflows/commitlint.yaml",
          "schema_version": 0,
          "attributes": {
            "branch": "main",
            "commit_author": "Peter Svensson",
            "commit_email": "peter@sparetimecoders.com",
            "commit_message": "chore: update .github/workflows/commitlint.yaml",
            "commit_sha": "57a50e422e2c25e1f19df6df5e5825919d7aa323",
            "content": "name: Lint Commit Messages\n\non: [pull_request]\n\njobs:\n  commitlint:\n    runs-on: ubuntu-latest\n    steps:\n      - uses: actions/checkout@v3\n        with:\n          fetch-depth: 0\n      - uses: wagoid/commitlint-github-action@v5\n        with:\n          configFile: \"./.github/commitlint.config.js\"\n",
            "file": ".github/workflows/commitlint.yaml",
            "id": "tf-template/.github/workflows/commitlint.yaml",
            "overwrite_on_create": false,
            "repository": "tf-template",
            "sha": "bb8ad8cfb407e8a2307d1218ae75547dee70d7e4"
          },
          "sensitive_attributes": [],
          "private": "bnVsbA==",
          "dependencies": [
            "module.template.github_repository.repo"
          ]
        },
        {
          "index_key": ".github/workflows/terrascan.yaml",
          "schema_version": 0,
          "attributes": {
            "branch": "main",
            "commit_author": "Peter Svensson",
            "commit_email": "peter@sparetimecoders.com",
            "commit_message": "chore: update .github/workflows/terrascan.yaml",
            "commit_sha": "88d759c6e689edc2b854272be0d4c5f45783d68f",
            "content": "name: Terrascan\non: [ pull_request ]\n# https://github.com/marketplace/actions/terrascan-iac-scanner\njobs:\n  terrascan:\n    runs-on: ubuntu-latest\n    name: terrascan\n    steps:\n      - name: Checkout repository\n        uses: actions/checkout@v3\n      - name: Run Terrascan\n        id: terrascan\n        uses: tenable/terrascan-action@main\n        with:\n          iac_type: 'terraform'\n          iac_version: 'v14'\n          policy_type: 'aws'\n          only_warn: true\n          sarif_upload: true\n          #non_recursive:\n          #iac_dir:\n          #policy_path:\n          #skip_rules:\n          #config_path:\n          #webhook_url:\n          #webhook_token:\n      - name: Upload SARIF file\n        uses: github/codeql-action/upload-sarif@v2\n        with:\n          sarif_file: terrascan.sarif\n",
            "file": ".github/workflows/terrascan.yaml",
            "id": "tf-template/.github/workflows/terrascan.yaml",
            "overwrite_on_create": false,
            "repository": "tf-template",
            "sha": "bf97d17c618e962b124c6663ef6a5a9c56482f9d"
          },
          "sensitive_attributes": [],
          "private": "bnVsbA==",
          "dependencies": [
            "module.template.github_repository.repo"
          ]
        }
      ]
    },
    {
      "module": "module.terraform-aws-aurora-mysql",
      "mode": "managed",
      "type": "github_branch_protection",
      "name": "repo",
      "provider": "provider[\"registry.terraform.io/integrations/github\"]",
      "instances": [
        {
          "schema_version": 1,
          "attributes": {
            "allows_deletions": false,
            "allows_force_pushes": true,
            "blocks_creations": false,
            "enforce_admins": false,
            "id": "BPR_kwDOGMveJs4Byb9g",
            "pattern": "main",
            "push_restrictions": null,
            "repository_id": "R_kgDOGMveJg",
            "require_conversation_resolution": false,
            "require_signed_commits": true,
            "required_linear_history": false,
            "required_pull_request_reviews": [
              {
                "dismiss_stale_reviews": true,
                "dismissal_restrictions": null,
                "pull_request_bypassers": null,
                "require_code_owner_reviews": true,
                "required_approving_review_count": 1,
                "restrict_dismissals": false
              }
            ],
            "required_status_checks": [
              {
                "contexts": [
                  "build",
                  "commitlint",
                  "terrascan"
                ],
                "strict": false
              }
            ]
          },
          "sensitive_attributes": [],
          "private": "eyJzY2hlbWFfdmVyc2lvbiI6IjEifQ==",
          "dependencies": [
            "module.terraform-aws-aurora-mysql.github_repository.repo"
          ]
        }
      ]
    },
    {
      "module": "module.terraform-aws-aurora-mysql",
      "mode": "managed",
      "type": "github_repository",
      "name": "repo",
      "provider": "provider[\"registry.terraform.io/integrations/github\"]",
      "instances": [
        {
          "schema_version": 0,
          "attributes": {
            "allow_auto_merge": true,
            "allow_merge_commit": true,
            "allow_rebase_merge": false,
            "allow_squash_merge": true,
            "archive_on_destroy": null,
            "archived": false,
            "auto_init": true,
            "branches": [
              {
                "name": "dependabot/github_actions/actions/checkout-3",
                "protected": false
              },
              {
                "name": "dependabot/github_actions/wagoid/commitlint-github-action-5",
                "protected": false
              },
              {
                "name": "main",
                "protected": true
              },
              {
                "name": "template",
                "protected": false
              }
            ],
            "default_branch": "main",
            "delete_branch_on_merge": true,
            "description": "",
            "etag": "W/\"54d1c4ae57033dac813cff316d6bed950a48f46dd45211e51e643e1ae145f43f\"",
            "full_name": "opzkit/terraform-aws-aurora-mysql",
            "git_clone_url": "git://github.com/opzkit/terraform-aws-aurora-mysql.git",
            "gitignore_template": null,
            "has_downloads": false,
            "has_issues": true,
            "has_projects": false,
            "has_wiki": false,
            "homepage_url": "",
            "html_url": "https://github.com/opzkit/terraform-aws-aurora-mysql",
            "http_clone_url": "https://github.com/opzkit/terraform-aws-aurora-mysql.git",
            "id": "terraform-aws-aurora-mysql",
            "ignore_vulnerability_alerts_during_read": null,
            "is_template": false,
            "license_template": "mit",
            "merge_commit_message": "PR_TITLE",
            "merge_commit_title": "MERGE_MESSAGE",
            "name": "terraform-aws-aurora-mysql",
            "node_id": "R_kgDOGMveJg",
            "pages": [],
            "private": false,
            "repo_id": 416013862,
            "squash_merge_commit_message": "COMMIT_MESSAGES",
            "squash_merge_commit_title": "COMMIT_OR_PR_TITLE",
            "ssh_clone_url": "git@github.com:opzkit/terraform-aws-aurora-mysql.git",
            "svn_url": "https://github.com/opzkit/terraform-aws-aurora-mysql",
            "template": [],
            "topics": [],
            "visibility": "public",
            "vulnerability_alerts": true
          },
          "sensitive_attributes": [],
          "private": "bnVsbA=="
        }
      ]
    },
    {
      "module": "module.terraform-aws-aurora-postgresql",
      "mode": "managed",
      "type": "github_branch_protection",
      "name": "repo",
      "provider": "provider[\"registry.terraform.io/integrations/github\"]",
      "instances": [
        {
          "schema_version": 1,
          "attributes": {
            "allows_deletions": false,
            "allows_force_pushes": true,
            "blocks_creations": false,
            "enforce_admins": false,
            "id": "BPR_kwDOGMvXJc4Byb8x",
            "pattern": "main",
            "push_restrictions": [],
            "repository_id": "R_kgDOGMvXJQ",
            "require_conversation_resolution": false,
            "require_signed_commits": true,
            "required_linear_history": false,
            "required_pull_request_reviews": [
              {
                "dismiss_stale_reviews": true,
                "dismissal_restrictions": [],
                "pull_request_bypassers": [],
                "require_code_owner_reviews": true,
                "required_approving_review_count": 1,
                "restrict_dismissals": false
              }
            ],
            "required_status_checks": [
              {
                "contexts": [
                  "build",
                  "commitlint",
                  "terrascan"
                ],
                "strict": false
              }
            ]
          },
          "sensitive_attributes": [],
          "private": "eyJzY2hlbWFfdmVyc2lvbiI6IjEifQ==",
          "dependencies": [
            "module.terraform-aws-aurora-postgresql.github_repository.repo"
          ]
        }
      ]
    },
    {
      "module": "module.terraform-aws-aurora-postgresql",
      "mode": "managed",
      "type": "github_repository",
      "name": "repo",
      "provider": "provider[\"registry.terraform.io/integrations/github\"]",
      "instances": [
        {
          "schema_version": 0,
          "attributes": {
            "allow_auto_merge": true,
            "allow_merge_commit": true,
            "allow_rebase_merge": false,
            "allow_squash_merge": true,
            "archive_on_destroy": null,
            "archived": false,
            "auto_init": true,
            "branches": [
              {
                "name": "main",
                "protected": false
              },
              {
                "name": "template",
                "protected": false
              }
            ],
            "default_branch": "main",
            "delete_branch_on_merge": true,
            "description": "",
            "etag": "W/\"d2eeeed1946dce3d40b0e108b62ce2167bc3b2974b5c547a5d0caa29e61d30a6\"",
            "full_name": "opzkit/terraform-aws-aurora-postgresql",
            "git_clone_url": "git://github.com/opzkit/terraform-aws-aurora-postgresql.git",
            "gitignore_template": null,
            "has_downloads": false,
            "has_issues": true,
            "has_projects": false,
            "has_wiki": false,
            "homepage_url": "",
            "html_url": "https://github.com/opzkit/terraform-aws-aurora-postgresql",
            "http_clone_url": "https://github.com/opzkit/terraform-aws-aurora-postgresql.git",
            "id": "terraform-aws-aurora-postgresql",
            "ignore_vulnerability_alerts_during_read": null,
            "is_template": false,
            "license_template": "mit",
            "merge_commit_message": "PR_TITLE",
            "merge_commit_title": "MERGE_MESSAGE",
            "name": "terraform-aws-aurora-postgresql",
            "node_id": "R_kgDOGMvXJQ",
            "pages": [],
            "private": false,
            "repo_id": 416012069,
            "squash_merge_commit_message": "COMMIT_MESSAGES",
            "squash_merge_commit_title": "COMMIT_OR_PR_TITLE",
            "ssh_clone_url": "git@github.com:opzkit/terraform-aws-aurora-postgresql.git",
            "svn_url": "https://github.com/opzkit/terraform-aws-aurora-postgresql",
            "template": [],
            "topics": [],
            "visibility": "public",
            "vulnerability_alerts": true
          },
          "sensitive_attributes": [],
          "private": "bnVsbA=="
        }
      ]
    },
    {
      "module": "module.terraform-aws-dns-validated-certificate",
      "mode": "managed",
      "type": "github_branch_protection",
      "name": "repo",
      "provider": "provider[\"registry.terraform.io/integrations/github\"]",
      "instances": [
        {
          "schema_version": 1,
          "attributes": {
            "allows_deletions": false,
            "allows_force_pushes": true,
            "blocks_creations": false,
            "enforce_admins": false,
            "id": "BPR_kwDOGNsNLM4Byb86",
            "pattern": "main",
            "push_restrictions": [],
            "repository_id": "R_kgDOGNsNLA",
            "require_conversation_resolution": false,
            "require_signed_commits": true,
            "required_linear_history": false,
            "required_pull_request_reviews": [
              {
                "dismiss_stale_reviews": true,
                "dismissal_restrictions": [],
                "pull_request_bypassers": [],
                "require_code_owner_reviews": true,
                "required_approving_review_count": 1,
                "restrict_dismissals": false
              }
            ],
            "required_status_checks": [
              {
                "contexts": [
                  "build",
                  "commitlint",
                  "terrascan"
                ],
                "strict": false
              }
            ]
          },
          "sensitive_attributes": [],
          "private": "eyJzY2hlbWFfdmVyc2lvbiI6IjEifQ==",
          "dependencies": [
            "module.terraform-aws-dns-validated-certificate.github_repository.repo"
          ]
        }
      ]
    },
    {
      "module": "module.terraform-aws-dns-validated-certificate",
      "mode": "managed",
      "type": "github_repository",
      "name": "repo",
      "provider": "provider[\"registry.terraform.io/integrations/github\"]",
      "instances": [
        {
          "schema_version": 0,
          "attributes": {
            "allow_auto_merge": true,
            "allow_merge_commit": true,
            "allow_rebase_merge": false,
            "allow_squash_merge": true,
            "archive_on_destroy": null,
            "archived": false,
            "auto_init": true,
            "branches": [
              {
                "name": "main",
                "protected": false
              },
              {
                "name": "template",
                "protected": false
              }
            ],
            "default_branch": "main",
            "delete_branch_on_merge": true,
            "description": "",
            "etag": "W/\"7f1f5de7c4aa5daf5014e2e47b86f3835bf655a731139a9ab80820b695948e2d\"",
            "full_name": "opzkit/terraform-aws-dns-validated-certificate",
            "git_clone_url": "git://github.com/opzkit/terraform-aws-dns-validated-certificate.git",
            "gitignore_template": null,
            "has_downloads": false,
            "has_issues": true,
            "has_projects": false,
            "has_wiki": false,
            "homepage_url": "",
            "html_url": "https://github.com/opzkit/terraform-aws-dns-validated-certificate",
            "http_clone_url": "https://github.com/opzkit/terraform-aws-dns-validated-certificate.git",
            "id": "terraform-aws-dns-validated-certificate",
            "ignore_vulnerability_alerts_during_read": null,
            "is_template": false,
            "license_template": "mit",
            "merge_commit_message": "PR_TITLE",
            "merge_commit_title": "MERGE_MESSAGE",
            "name": "terraform-aws-dns-validated-certificate",
            "node_id": "R_kgDOGNsNLA",
            "pages": [],
            "private": false,
            "repo_id": 417008940,
            "squash_merge_commit_message": "COMMIT_MESSAGES",
            "squash_merge_commit_title": "COMMIT_OR_PR_TITLE",
            "ssh_clone_url": "git@github.com:opzkit/terraform-aws-dns-validated-certificate.git",
            "svn_url": "https://github.com/opzkit/terraform-aws-dns-validated-certificate",
            "template": [],
            "topics": [],
            "visibility": "public",
            "vulnerability_alerts": true
          },
          "sensitive_attributes": [],
          "private": "bnVsbA=="
        }
      ]
    }
  ],
  "check_results": []
}
